// !$*UTF8*$!
{
	archiveVersion = 1;
	classes = {
	};
	objectVersion = 46;
	objects = {

/* Begin PBXBuildFile section */
		048A053C1B7AE31D005AEACC /* APHTaskIdToViewControllerMapping.json in Resources */ = {isa = PBXBuildFile; fileRef = 048A053B1B7AE31D005AEACC /* APHTaskIdToViewControllerMapping.json */; };
		083D6AFA1AA4AE130064AADD /* APHBackgroundSurveyViewController.m in Sources */ = {isa = PBXBuildFile; fileRef = 083D6AF91AA4AE130064AADD /* APHBackgroundSurveyViewController.m */; };
		083D6AFE1AA4AE430064AADD /* APHSymptomSurveyViewController.m in Sources */ = {isa = PBXBuildFile; fileRef = 083D6AFD1AA4AE430064AADD /* APHSymptomSurveyViewController.m */; };
		083D6B0D1AA4AEAD0064AADD /* APHWeeklySurveyViewController.m in Sources */ = {isa = PBXBuildFile; fileRef = 083D6B0C1AA4AEAD0064AADD /* APHWeeklySurveyViewController.m */; };
		087B44AA1B1B981100568999 /* APHExerciseCheckInTaskViewController.m in Sources */ = {isa = PBXBuildFile; fileRef = 087B44A91B1B981100568999 /* APHExerciseCheckInTaskViewController.m */; };
		087B44AF1B1B982300568999 /* APHExerciseCheckinTask.m in Sources */ = {isa = PBXBuildFile; fileRef = 087B44AC1B1B982300568999 /* APHExerciseCheckinTask.m */; };
		087B44C21B1B9C6000568999 /* BCS_feedback.json in Resources */ = {isa = PBXBuildFile; fileRef = 087B44BD1B1B9C6000568999 /* BCS_feedback.json */; };
		087B44C31B1B9C6000568999 /* BCS_mythoughts.json in Resources */ = {isa = PBXBuildFile; fileRef = 087B44BE1B1B9C6000568999 /* BCS_mythoughts.json */; };
		087B44C41B1B9C6000568999 /* BCSBackgroundSurvey.json in Resources */ = {isa = PBXBuildFile; fileRef = 087B44BF1B1B9C6000568999 /* BCSBackgroundSurvey.json */; };
		087B44C61B1B9C6000568999 /* BCSWeeklySurvey.json in Resources */ = {isa = PBXBuildFile; fileRef = 087B44C11B1B9C6000568999 /* BCSWeeklySurvey.json */; };
		215C53671A8C5D6F0006F7DC /* APHNotesHeaderTableViewCell.m in Sources */ = {isa = PBXBuildFile; fileRef = 215C53651A8C5D6F0006F7DC /* APHNotesHeaderTableViewCell.m */; };
		215C53681A8C5D6F0006F7DC /* APHNotesHeaderTableViewCell.xib in Resources */ = {isa = PBXBuildFile; fileRef = 215C53661A8C5D6F0006F7DC /* APHNotesHeaderTableViewCell.xib */; };
		5A0F98DA1AA2E2A900A2A7EB /* Intro.mp4 in Resources */ = {isa = PBXBuildFile; fileRef = 5A0F98D91AA2E2A900A2A7EB /* Intro.mp4 */; };
		5B1095C01A9FA0B5006631F5 /* consent.pdf in Resources */ = {isa = PBXBuildFile; fileRef = 5B1095BF1A9FA0B5006631F5 /* consent.pdf */; };
		5B15DCF41A114F7000BEA0D1 /* Learn.json in Resources */ = {isa = PBXBuildFile; fileRef = 5B15DCF21A114F7000BEA0D1 /* Learn.json */; };
		5B15DCF51A114F7000BEA0D1 /* WithdrawStudy.json in Resources */ = {isa = PBXBuildFile; fileRef = 5B15DCF31A114F7000BEA0D1 /* WithdrawStudy.json */; };
		5B15DD3B1A114F9000BEA0D1 /* APHInclusionCriteriaViewController.m in Sources */ = {isa = PBXBuildFile; fileRef = 5B15DD281A114F9000BEA0D1 /* APHInclusionCriteriaViewController.m */; };
		5B15DD3E1A114F9000BEA0D1 /* APHOnboarding.storyboard in Resources */ = {isa = PBXBuildFile; fileRef = 5B15DD2D1A114F9000BEA0D1 /* APHOnboarding.storyboard */; };
		5B15DD481A11524900BEA0D1 /* APHAppDelegate.m in Sources */ = {isa = PBXBuildFile; fileRef = 5B15DD471A11524900BEA0D1 /* APHAppDelegate.m */; };
		5B18CEDA1A2CFFD1001A905E /* TermsAndConditions.json in Resources */ = {isa = PBXBuildFile; fileRef = 5B18CED91A2CFFD1001A905E /* TermsAndConditions.json */; };
		5B1D9D6C1A1BD414000F4AD6 /* APHDashboard.storyboard in Resources */ = {isa = PBXBuildFile; fileRef = 5B1D9D671A1BD414000F4AD6 /* APHDashboard.storyboard */; };
		5B1D9D6D1A1BD414000F4AD6 /* APHDashboardEditViewController.m in Sources */ = {isa = PBXBuildFile; fileRef = 5B1D9D691A1BD414000F4AD6 /* APHDashboardEditViewController.m */; };
		5B1D9D6E1A1BD414000F4AD6 /* APHDashboardViewController.m in Sources */ = {isa = PBXBuildFile; fileRef = 5B1D9D6B1A1BD414000F4AD6 /* APHDashboardViewController.m */; };
		5BBDAEBB1A33DCDA0047DF87 /* HTMLContent in Resources */ = {isa = PBXBuildFile; fileRef = 5BBDAEBA1A33DCDA0047DF87 /* HTMLContent */; };
		6C8645171AF3F73B00B46C49 /* APHAppDelegate+APHMigration.m in Sources */ = {isa = PBXBuildFile; fileRef = 6C8645161AF3F73B00B46C49 /* APHAppDelegate+APHMigration.m */; };
		744174E61A923861004A7CC1 /* APHConsentSection.json in Resources */ = {isa = PBXBuildFile; fileRef = 744174E51A923861004A7CC1 /* APHConsentSection.json */; };
		747FB13E1ABDDD1E00345000 /* ResearchKit.framework in Frameworks */ = {isa = PBXBuildFile; fileRef = 747FB1301ABDDCAA00345000 /* ResearchKit.framework */; };
		747FB13F1ABDDD2500345000 /* APCAppCore.framework in Frameworks */ = {isa = PBXBuildFile; fileRef = 747FB13B1ABDDCBA00345000 /* APCAppCore.framework */; };
		747FB15B1ABDF02100345000 /* APCAppCore.framework in Embed Frameworks */ = {isa = PBXBuildFile; fileRef = 747FB13B1ABDDCBA00345000 /* APCAppCore.framework */; settings = {ATTRIBUTES = (CodeSignOnCopy, RemoveHeadersOnCopy, ); }; };
		74EF8E0C1ABEFE7B001B47E1 /* ResearchKit.framework in Embed Frameworks */ = {isa = PBXBuildFile; fileRef = 747FB1301ABDDCAA00345000 /* ResearchKit.framework */; settings = {ATTRIBUTES = (CodeSignOnCopy, RemoveHeadersOnCopy, ); }; };
		74EF8E0F1ABEFE86001B47E1 /* BridgeSDK.framework in Frameworks */ = {isa = PBXBuildFile; fileRef = 74EF8E051ABEFE62001B47E1 /* BridgeSDK.framework */; };
		74EF8E101ABEFE86001B47E1 /* BridgeSDK.framework in Embed Frameworks */ = {isa = PBXBuildFile; fileRef = 74EF8E051ABEFE62001B47E1 /* BridgeSDK.framework */; settings = {ATTRIBUTES = (CodeSignOnCopy, RemoveHeadersOnCopy, ); }; };
		7B0541F71A842B4900B7729D /* APHDynamicMoodSurveyTask.m in Sources */ = {isa = PBXBuildFile; fileRef = 7B0541F61A842B4900B7729D /* APHDynamicMoodSurveyTask.m */; };
		7B4B18311A8D720400F79C94 /* APHProfileExtender.m in Sources */ = {isa = PBXBuildFile; fileRef = 7B4B18301A8D720400F79C94 /* APHProfileExtender.m */; };
		7B5A5AB51A83FCF700628D4D /* APHCustomSurveyIntroViewController.m in Sources */ = {isa = PBXBuildFile; fileRef = 7B5A5AB31A83FCF700628D4D /* APHCustomSurveyIntroViewController.m */; };
		7B5A5AB61A83FCF700628D4D /* APHCustomSurveyIntroViewController.xib in Resources */ = {isa = PBXBuildFile; fileRef = 7B5A5AB41A83FCF700628D4D /* APHCustomSurveyIntroViewController.xib */; };
		7B5E25CB1A2045BB00A04FEF /* APHMoodSurveyTaskViewController.m in Sources */ = {isa = PBXBuildFile; fileRef = 7B5E25CA1A2045BB00A04FEF /* APHMoodSurveyTaskViewController.m */; };
		7B5E25D01A20592400A04FEF /* APHHeartAgeIntroStepViewController.m in Sources */ = {isa = PBXBuildFile; fileRef = 7B5E25CE1A20592400A04FEF /* APHHeartAgeIntroStepViewController.m */; };
		7B5E25D11A20592400A04FEF /* APHHeartAgeIntroStepViewController.xib in Resources */ = {isa = PBXBuildFile; fileRef = 7B5E25CF1A20592400A04FEF /* APHHeartAgeIntroStepViewController.xib */; };
		7B79530E1A22884500AA8039 /* APHExerciseSurveyTaskViewController.m in Sources */ = {isa = PBXBuildFile; fileRef = 7B7953091A22884500AA8039 /* APHExerciseSurveyTaskViewController.m */; };
		7B7953141A2288D600AA8039 /* APHQuestionViewController.m in Sources */ = {isa = PBXBuildFile; fileRef = 7B7953121A2288D600AA8039 /* APHQuestionViewController.m */; };
		7B7953151A2288D600AA8039 /* APHQuestionViewController.xib in Resources */ = {isa = PBXBuildFile; fileRef = 7B7953131A2288D600AA8039 /* APHQuestionViewController.xib */; };
		7B8B67DD1A6711BE0021606D /* APHExerciseMotivationSummaryViewController.storyboard in Resources */ = {isa = PBXBuildFile; fileRef = 7B8B67DC1A6711BE0021606D /* APHExerciseMotivationSummaryViewController.storyboard */; };
		7B8B67E11A671DDC0021606D /* APHExerciseSummaryContainerTableViewController.m in Sources */ = {isa = PBXBuildFile; fileRef = 7B8B67E01A671DDC0021606D /* APHExerciseSummaryContainerTableViewController.m */; };
		7B8D703E1A1C4B13003A7A5B /* APHLogSubmissionViewController.m in Sources */ = {isa = PBXBuildFile; fileRef = 7B8D703C1A1C4B13003A7A5B /* APHLogSubmissionViewController.m */; };
		7B8D703F1A1C4B13003A7A5B /* APHLogSubmissionViewController.xib in Resources */ = {isa = PBXBuildFile; fileRef = 7B8D703D1A1C4B13003A7A5B /* APHLogSubmissionViewController.xib */; };
		7BA3AC101A23DDBC0017B3C8 /* APHExerciseMotivationIntroViewController.m in Sources */ = {isa = PBXBuildFile; fileRef = 7BA3AC0E1A23DDBC0017B3C8 /* APHExerciseMotivationIntroViewController.m */; };
		7BA3AC111A23DDBC0017B3C8 /* APHExerciseMotivationIntroViewController.xib in Resources */ = {isa = PBXBuildFile; fileRef = 7BA3AC0F1A23DDBC0017B3C8 /* APHExerciseMotivationIntroViewController.xib */; };
		7BA3AC161A2407D00017B3C8 /* APHExerciseMotivationSummaryViewController.m in Sources */ = {isa = PBXBuildFile; fileRef = 7BA3AC141A2407D00017B3C8 /* APHExerciseMotivationSummaryViewController.m */; };
		7BB24C311A831DC500AAE097 /* APHCustomSurveyTableViewCell.m in Sources */ = {isa = PBXBuildFile; fileRef = 7BB24C2F1A831DC500AAE097 /* APHCustomSurveyTableViewCell.m */; };
		7BB24C321A831DC500AAE097 /* APHCustomSurveyTableViewCell.xib in Resources */ = {isa = PBXBuildFile; fileRef = 7BB24C301A831DC500AAE097 /* APHCustomSurveyTableViewCell.xib */; };
		7BB24C361A831EC900AAE097 /* APHCustomSurveyQuestionViewController.m in Sources */ = {isa = PBXBuildFile; fileRef = 7BB24C341A831EC900AAE097 /* APHCustomSurveyQuestionViewController.m */; };
		7BB24C371A831EC900AAE097 /* APHCustomSurveyQuestionViewController.xib in Resources */ = {isa = PBXBuildFile; fileRef = 7BB24C351A831EC900AAE097 /* APHCustomSurveyQuestionViewController.xib */; };
		7BFD56791A24FAF0001210A2 /* APHDisplayLogHistoryViewController.m in Sources */ = {isa = PBXBuildFile; fileRef = 7BFD56771A24FAF0001210A2 /* APHDisplayLogHistoryViewController.m */; };
		7BFD567A1A24FAF0001210A2 /* APHDisplayLogHistoryViewController.xib in Resources */ = {isa = PBXBuildFile; fileRef = 7BFD56781A24FAF0001210A2 /* APHDisplayLogHistoryViewController.xib */; };
		A7D61A581A97B2D700637EDA /* 00_Blank_to_Activities@2x.m4v in Resources */ = {isa = PBXBuildFile; fileRef = A7D61A491A97B2D700637EDA /* 00_Blank_to_Activities@2x.m4v */; };
		A7D61A591A97B2D700637EDA /* 01_Activities_to_SensorData@2x.m4v in Resources */ = {isa = PBXBuildFile; fileRef = A7D61A4A1A97B2D700637EDA /* 01_Activities_to_SensorData@2x.m4v */; };
		A7D61A5A1A97B2D700637EDA /* 02_SensorData_to_DataGathering@2x.m4v in Resources */ = {isa = PBXBuildFile; fileRef = A7D61A4B1A97B2D700637EDA /* 02_SensorData_to_DataGathering@2x.m4v */; };
		A7D61A5B1A97B2D700637EDA /* 10_PotentialBenifits@2x.m4v in Resources */ = {isa = PBXBuildFile; fileRef = A7D61A4C1A97B2D700637EDA /* 10_PotentialBenifits@2x.m4v */; };
		A7D61A5C1A97B2D700637EDA /* 11_IssuesToConsider1@2x.m4v in Resources */ = {isa = PBXBuildFile; fileRef = A7D61A4D1A97B2D700637EDA /* 11_IssuesToConsider1@2x.m4v */; };
		A7D61A5D1A97B2D700637EDA /* 12_IssuesToConside2@2x.m4v in Resources */ = {isa = PBXBuildFile; fileRef = A7D61A4E1A97B2D700637EDA /* 12_IssuesToConside2@2x.m4v */; };
		A7D61A5E1A97B2D700637EDA /* 13_RiskToPrivacy@2x.m4v in Resources */ = {isa = PBXBuildFile; fileRef = A7D61A4F1A97B2D700637EDA /* 13_RiskToPrivacy@2x.m4v */; };
		A7D61A5F1A97B2D700637EDA /* 00_Blank_to_Activities@3x.m4v in Resources */ = {isa = PBXBuildFile; fileRef = A7D61A511A97B2D700637EDA /* 00_Blank_to_Activities@3x.m4v */; };
		A7D61A601A97B2D700637EDA /* 01_Activities_to_SensorData@3x.m4v in Resources */ = {isa = PBXBuildFile; fileRef = A7D61A521A97B2D700637EDA /* 01_Activities_to_SensorData@3x.m4v */; };
		A7D61A611A97B2D700637EDA /* 02_SensorData_to_DataGathering@3x.m4v in Resources */ = {isa = PBXBuildFile; fileRef = A7D61A531A97B2D700637EDA /* 02_SensorData_to_DataGathering@3x.m4v */; };
		A7D61A621A97B2D700637EDA /* 10_PotentialBenifits@3x.m4v in Resources */ = {isa = PBXBuildFile; fileRef = A7D61A541A97B2D700637EDA /* 10_PotentialBenifits@3x.m4v */; };
		A7D61A631A97B2D700637EDA /* 11_IssuesToConsider1@3x.m4v in Resources */ = {isa = PBXBuildFile; fileRef = A7D61A551A97B2D700637EDA /* 11_IssuesToConsider1@3x.m4v */; };
		A7D61A641A97B2D700637EDA /* 12_IssuesToConside2@3x.m4v in Resources */ = {isa = PBXBuildFile; fileRef = A7D61A561A97B2D700637EDA /* 12_IssuesToConside2@3x.m4v */; };
		A7D61A651A97B2D700637EDA /* 13_RiskToPrivacy@3x.m4v in Resources */ = {isa = PBXBuildFile; fileRef = A7D61A571A97B2D700637EDA /* 13_RiskToPrivacy@3x.m4v */; };
		CF15F24B1A11616500D87570 /* APHDailyJournalTaskViewController.m in Sources */ = {isa = PBXBuildFile; fileRef = CF15F24A1A11616500D87570 /* APHDailyJournalTaskViewController.m */; };
		CF15F24F1A116A5A00D87570 /* APHDailyJournalIntroViewController.m in Sources */ = {isa = PBXBuildFile; fileRef = CF15F24D1A116A5A00D87570 /* APHDailyJournalIntroViewController.m */; };
		CF15F2501A116A5A00D87570 /* APHDailyJournalIntroViewController.xib in Resources */ = {isa = PBXBuildFile; fileRef = CF15F24E1A116A5A00D87570 /* APHDailyJournalIntroViewController.xib */; };
		CF2697E619EC3E4200525E19 /* APHContentsViewController.m in Sources */ = {isa = PBXBuildFile; fileRef = CF2697DC19EC3E4200525E19 /* APHContentsViewController.m */; };
		CF2697E719EC3E4200525E19 /* APHCustomTextView.m in Sources */ = {isa = PBXBuildFile; fileRef = CF2697DE19EC3E4200525E19 /* APHCustomTextView.m */; };
		CF2697E819EC3E4200525E19 /* APHMoodLogDictionaryKeys.m in Sources */ = {isa = PBXBuildFile; fileRef = CF2697E019EC3E4200525E19 /* APHMoodLogDictionaryKeys.m */; };
		CF2697E919EC3E4200525E19 /* APHNotesContentsTableViewCell.m in Sources */ = {isa = PBXBuildFile; fileRef = CF2697E219EC3E4200525E19 /* APHNotesContentsTableViewCell.m */; };
		CF2697EA19EC3E4200525E19 /* APHNotesViewController.m in Sources */ = {isa = PBXBuildFile; fileRef = CF2697E419EC3E4200525E19 /* APHNotesViewController.m */; };
		CF2697EB19EC3E4200525E19 /* APHNotesViewController.xib in Resources */ = {isa = PBXBuildFile; fileRef = CF2697E519EC3E4200525E19 /* APHNotesViewController.xib */; };
		CF5FAB4319F95C8F0006CA71 /* APHContentsViewController.xib in Resources */ = {isa = PBXBuildFile; fileRef = CF5FAB4119F95C8F0006CA71 /* APHContentsViewController.xib */; };
		CF5FAB4419F95C8F0006CA71 /* APHNotesContentsTableViewCell.xib in Resources */ = {isa = PBXBuildFile; fileRef = CF5FAB4219F95C8F0006CA71 /* APHNotesContentsTableViewCell.xib */; };
		F534B58919E4681E00C3C152 /* main.m in Sources */ = {isa = PBXBuildFile; fileRef = F534B58819E4681E00C3C152 /* main.m */; };
		F534B59419E4681E00C3C152 /* Images.xcassets in Resources */ = {isa = PBXBuildFile; fileRef = F534B59319E4681E00C3C152 /* Images.xcassets */; };
		F534B68A19E4689D00C3C152 /* APCParameters.json in Resources */ = {isa = PBXBuildFile; fileRef = F534B5CB19E4689D00C3C152 /* APCParameters.json */; };
		F534B68B19E4689D00C3C152 /* APHTasksAndSchedules.json in Resources */ = {isa = PBXBuildFile; fileRef = F534B5CC19E4689D00C3C152 /* APHTasksAndSchedules.json */; };
		F534B68E19E4689D00C3C152 /* StudyOverview.json in Resources */ = {isa = PBXBuildFile; fileRef = F534B5CF19E4689D00C3C152 /* StudyOverview.json */; };
		F534B69C19E4689D00C3C152 /* LaunchScreen.xib in Resources */ = {isa = PBXBuildFile; fileRef = F534B5E319E4689D00C3C152 /* LaunchScreen.xib */; };
		F534B69D19E4689D00C3C152 /* Main.storyboard in Resources */ = {isa = PBXBuildFile; fileRef = F534B5E419E4689D00C3C152 /* Main.storyboard */; };
		F534B6F619E468D400C3C152 /* HealthKit.framework in Frameworks */ = {isa = PBXBuildFile; fileRef = F534B6F519E468D400C3C152 /* HealthKit.framework */; };
		F534B70B19E4699A00C3C152 /* CoreData.framework in Frameworks */ = {isa = PBXBuildFile; fileRef = F534B70A19E4699A00C3C152 /* CoreData.framework */; };
		F534B70D19E469A100C3C152 /* Security.framework in Frameworks */ = {isa = PBXBuildFile; fileRef = F534B70C19E469A000C3C152 /* Security.framework */; };
		F534B70F19E469A600C3C152 /* AVFoundation.framework in Frameworks */ = {isa = PBXBuildFile; fileRef = F534B70E19E469A600C3C152 /* AVFoundation.framework */; };
		F53F27A01A2D30D600A1D725 /* APHDataPoint.m in Sources */ = {isa = PBXBuildFile; fileRef = F53F279D1A2D30D600A1D725 /* APHDataPoint.m */; };
		F53F27A11A2D30D600A1D725 /* APHScoring.m in Sources */ = {isa = PBXBuildFile; fileRef = F53F279F1A2D30D600A1D725 /* APHScoring.m */; };
/* End PBXBuildFile section */

/* Begin PBXContainerItemProxy section */
		048A05451B7AE31E005AEACC /* PBXContainerItemProxy */ = {
			isa = PBXContainerItemProxy;
			containerPortal = 74EF8DF91ABEFE61001B47E1 /* BridgeSDK.xcodeproj */;
			proxyType = 2;
			remoteGlobalIDString = 807AE2871B603309002588BB;
			remoteInfo = BridgeSDKIntegration;
		};
		048A05471B7AE31E005AEACC /* PBXContainerItemProxy */ = {
			isa = PBXContainerItemProxy;
			containerPortal = 74EF8DF91ABEFE61001B47E1 /* BridgeSDK.xcodeproj */;
			proxyType = 2;
			remoteGlobalIDString = 807AE29F1B60330C002588BB;
			remoteInfo = BridgeSDKIntegrationTests;
		};
		6C8645201AF3F73B00B46C49 /* PBXContainerItemProxy */ = {
			isa = PBXContainerItemProxy;
			containerPortal = 747FB1281ABDDCAA00345000 /* ResearchKit.xcodeproj */;
			proxyType = 2;
			remoteGlobalIDString = 86CC8E9A1AC09332001CCD89;
			remoteInfo = ResearchKitTests;
		};
		747FB12F1ABDDCAA00345000 /* PBXContainerItemProxy */ = {
			isa = PBXContainerItemProxy;
			containerPortal = 747FB1281ABDDCAA00345000 /* ResearchKit.xcodeproj */;
			proxyType = 2;
			remoteGlobalIDString = B183A5951A8535D100C76870;
			remoteInfo = OpenResearchKit;
		};
		747FB13A1ABDDCBA00345000 /* PBXContainerItemProxy */ = {
			isa = PBXContainerItemProxy;
			containerPortal = 747FB1351ABDDCBA00345000 /* APCAppCore.xcodeproj */;
			proxyType = 2;
			remoteGlobalIDString = F5179B2919D09128001DCCB7;
			remoteInfo = APCAppCore;
		};
		747FB13C1ABDDCBA00345000 /* PBXContainerItemProxy */ = {
			isa = PBXContainerItemProxy;
			containerPortal = 747FB1351ABDDCBA00345000 /* APCAppCore.xcodeproj */;
			proxyType = 2;
			remoteGlobalIDString = F5179B3419D09128001DCCB7;
			remoteInfo = APCAppCoreTests;
		};
		747FB1401ABDDE2B00345000 /* PBXContainerItemProxy */ = {
			isa = PBXContainerItemProxy;
			containerPortal = 747FB1351ABDDCBA00345000 /* APCAppCore.xcodeproj */;
			proxyType = 1;
			remoteGlobalIDString = F5179B2819D09128001DCCB7;
			remoteInfo = APCAppCore;
		};
		747FB1421ABDDE3000345000 /* PBXContainerItemProxy */ = {
			isa = PBXContainerItemProxy;
			containerPortal = 747FB1281ABDDCAA00345000 /* ResearchKit.xcodeproj */;
			proxyType = 1;
			remoteGlobalIDString = B183A4731A8535D100C76870;
			remoteInfo = OpenResearchKit;
		};
		747FB15C1ABDF02100345000 /* PBXContainerItemProxy */ = {
			isa = PBXContainerItemProxy;
			containerPortal = 747FB1351ABDDCBA00345000 /* APCAppCore.xcodeproj */;
			proxyType = 1;
			remoteGlobalIDString = F5179B2819D09128001DCCB7;
			remoteInfo = APCAppCore;
		};
		74EF8E041ABEFE62001B47E1 /* PBXContainerItemProxy */ = {
			isa = PBXContainerItemProxy;
			containerPortal = 74EF8DF91ABEFE61001B47E1 /* BridgeSDK.xcodeproj */;
			proxyType = 2;
			remoteGlobalIDString = 80855F5019BE258C006601C7;
			remoteInfo = BridgeSDK;
		};
		74EF8E061ABEFE62001B47E1 /* PBXContainerItemProxy */ = {
			isa = PBXContainerItemProxy;
			containerPortal = 74EF8DF91ABEFE61001B47E1 /* BridgeSDK.xcodeproj */;
			proxyType = 2;
			remoteGlobalIDString = 80855F5B19BE258C006601C7;
			remoteInfo = BridgeSDKTests;
		};
		74EF8E0D1ABEFE7B001B47E1 /* PBXContainerItemProxy */ = {
			isa = PBXContainerItemProxy;
			containerPortal = 747FB1281ABDDCAA00345000 /* ResearchKit.xcodeproj */;
			proxyType = 1;
			remoteGlobalIDString = B183A4731A8535D100C76870;
			remoteInfo = OpenResearchKit;
		};
		74EF8E191ABEFEBB001B47E1 /* PBXContainerItemProxy */ = {
			isa = PBXContainerItemProxy;
			containerPortal = 74EF8DF91ABEFE61001B47E1 /* BridgeSDK.xcodeproj */;
			proxyType = 1;
			remoteGlobalIDString = 80855F4F19BE258C006601C7;
			remoteInfo = BridgeSDK;
		};
/* End PBXContainerItemProxy section */

/* Begin PBXCopyFilesBuildPhase section */
		F534B70719E4697E00C3C152 /* Embed Frameworks */ = {
			isa = PBXCopyFilesBuildPhase;
			buildActionMask = 2147483647;
			dstPath = "";
			dstSubfolderSpec = 10;
			files = (
				747FB15B1ABDF02100345000 /* APCAppCore.framework in Embed Frameworks */,
				74EF8E0C1ABEFE7B001B47E1 /* ResearchKit.framework in Embed Frameworks */,
				74EF8E101ABEFE86001B47E1 /* BridgeSDK.framework in Embed Frameworks */,
			);
			name = "Embed Frameworks";
			runOnlyForDeploymentPostprocessing = 0;
		};
/* End PBXCopyFilesBuildPhase section */

/* Begin PBXFileReference section */
		048A053B1B7AE31D005AEACC /* APHTaskIdToViewControllerMapping.json */ = {isa = PBXFileReference; fileEncoding = 4; lastKnownFileType = text.json; path = APHTaskIdToViewControllerMapping.json; sourceTree = "<group>"; };
		083D6AF81AA4AE130064AADD /* APHBackgroundSurveyViewController.h */ = {isa = PBXFileReference; fileEncoding = 4; lastKnownFileType = sourcecode.c.h; name = APHBackgroundSurveyViewController.h; path = "Generic Surveys/APHBackgroundSurveyViewController.h"; sourceTree = "<group>"; };
		083D6AF91AA4AE130064AADD /* APHBackgroundSurveyViewController.m */ = {isa = PBXFileReference; fileEncoding = 4; lastKnownFileType = sourcecode.c.objc; name = APHBackgroundSurveyViewController.m; path = "Generic Surveys/APHBackgroundSurveyViewController.m"; sourceTree = "<group>"; };
		083D6AFC1AA4AE430064AADD /* APHSymptomSurveyViewController.h */ = {isa = PBXFileReference; fileEncoding = 4; lastKnownFileType = sourcecode.c.h; name = APHSymptomSurveyViewController.h; path = "Generic Surveys/APHSymptomSurveyViewController.h"; sourceTree = "<group>"; };
		083D6AFD1AA4AE430064AADD /* APHSymptomSurveyViewController.m */ = {isa = PBXFileReference; fileEncoding = 4; lastKnownFileType = sourcecode.c.objc; name = APHSymptomSurveyViewController.m; path = "Generic Surveys/APHSymptomSurveyViewController.m"; sourceTree = "<group>"; };
		083D6B0B1AA4AEAD0064AADD /* APHWeeklySurveyViewController.h */ = {isa = PBXFileReference; fileEncoding = 4; lastKnownFileType = sourcecode.c.h; name = APHWeeklySurveyViewController.h; path = "Generic Surveys/APHWeeklySurveyViewController.h"; sourceTree = "<group>"; };
		083D6B0C1AA4AEAD0064AADD /* APHWeeklySurveyViewController.m */ = {isa = PBXFileReference; fileEncoding = 4; lastKnownFileType = sourcecode.c.objc; name = APHWeeklySurveyViewController.m; path = "Generic Surveys/APHWeeklySurveyViewController.m"; sourceTree = "<group>"; };
		087B44A81B1B981100568999 /* APHExerciseCheckInTaskViewController.h */ = {isa = PBXFileReference; fileEncoding = 4; lastKnownFileType = sourcecode.c.h; path = APHExerciseCheckInTaskViewController.h; sourceTree = "<group>"; };
		087B44A91B1B981100568999 /* APHExerciseCheckInTaskViewController.m */ = {isa = PBXFileReference; fileEncoding = 4; lastKnownFileType = sourcecode.c.objc; path = APHExerciseCheckInTaskViewController.m; sourceTree = "<group>"; };
		087B44AB1B1B982300568999 /* APHExerciseCheckinTask.h */ = {isa = PBXFileReference; fileEncoding = 4; lastKnownFileType = sourcecode.c.h; name = APHExerciseCheckinTask.h; path = BreastCancer/TasksAndSteps/APHExerciseCheckinTask.h; sourceTree = SOURCE_ROOT; };
		087B44AC1B1B982300568999 /* APHExerciseCheckinTask.m */ = {isa = PBXFileReference; fileEncoding = 4; lastKnownFileType = sourcecode.c.objc; name = APHExerciseCheckinTask.m; path = BreastCancer/TasksAndSteps/APHExerciseCheckinTask.m; sourceTree = SOURCE_ROOT; };
		087B44BD1B1B9C6000568999 /* BCS_feedback.json */ = {isa = PBXFileReference; fileEncoding = 4; lastKnownFileType = text.json; path = BCS_feedback.json; sourceTree = "<group>"; };
		087B44BE1B1B9C6000568999 /* BCS_mythoughts.json */ = {isa = PBXFileReference; fileEncoding = 4; lastKnownFileType = text.json; path = BCS_mythoughts.json; sourceTree = "<group>"; };
		087B44BF1B1B9C6000568999 /* BCSBackgroundSurvey.json */ = {isa = PBXFileReference; fileEncoding = 4; lastKnownFileType = text.json; path = BCSBackgroundSurvey.json; sourceTree = "<group>"; };
		087B44C11B1B9C6000568999 /* BCSWeeklySurvey.json */ = {isa = PBXFileReference; fileEncoding = 4; lastKnownFileType = text.json; path = BCSWeeklySurvey.json; sourceTree = "<group>"; };
		215C53641A8C5D6F0006F7DC /* APHNotesHeaderTableViewCell.h */ = {isa = PBXFileReference; fileEncoding = 4; lastKnownFileType = sourcecode.c.h; name = APHNotesHeaderTableViewCell.h; path = DailyJournalControllers/APHNotesHeaderTableViewCell.h; sourceTree = "<group>"; };
		215C53651A8C5D6F0006F7DC /* APHNotesHeaderTableViewCell.m */ = {isa = PBXFileReference; fileEncoding = 4; lastKnownFileType = sourcecode.c.objc; name = APHNotesHeaderTableViewCell.m; path = DailyJournalControllers/APHNotesHeaderTableViewCell.m; sourceTree = "<group>"; };
		215C53661A8C5D6F0006F7DC /* APHNotesHeaderTableViewCell.xib */ = {isa = PBXFileReference; fileEncoding = 4; lastKnownFileType = file.xib; name = APHNotesHeaderTableViewCell.xib; path = DailyJournalControllers/APHNotesHeaderTableViewCell.xib; sourceTree = "<group>"; };
		5A0F98D91AA2E2A900A2A7EB /* Intro.mp4 */ = {isa = PBXFileReference; lastKnownFileType = file; path = Intro.mp4; sourceTree = "<group>"; };
		5B1095BF1A9FA0B5006631F5 /* consent.pdf */ = {isa = PBXFileReference; lastKnownFileType = image.pdf; path = consent.pdf; sourceTree = "<group>"; };
		5B15DCF21A114F7000BEA0D1 /* Learn.json */ = {isa = PBXFileReference; fileEncoding = 4; lastKnownFileType = text.json; path = Learn.json; sourceTree = "<group>"; };
		5B15DCF31A114F7000BEA0D1 /* WithdrawStudy.json */ = {isa = PBXFileReference; fileEncoding = 4; lastKnownFileType = text.json; path = WithdrawStudy.json; sourceTree = "<group>"; };
		5B15DD271A114F9000BEA0D1 /* APHInclusionCriteriaViewController.h */ = {isa = PBXFileReference; fileEncoding = 4; lastKnownFileType = sourcecode.c.h; path = APHInclusionCriteriaViewController.h; sourceTree = "<group>"; };
		5B15DD281A114F9000BEA0D1 /* APHInclusionCriteriaViewController.m */ = {isa = PBXFileReference; fileEncoding = 4; lastKnownFileType = sourcecode.c.objc; path = APHInclusionCriteriaViewController.m; sourceTree = "<group>"; };
		5B15DD2D1A114F9000BEA0D1 /* APHOnboarding.storyboard */ = {isa = PBXFileReference; fileEncoding = 4; lastKnownFileType = file.storyboard; path = APHOnboarding.storyboard; sourceTree = "<group>"; };
		5B15DD461A11524900BEA0D1 /* APHAppDelegate.h */ = {isa = PBXFileReference; fileEncoding = 4; lastKnownFileType = sourcecode.c.h; path = APHAppDelegate.h; sourceTree = "<group>"; };
		5B15DD471A11524900BEA0D1 /* APHAppDelegate.m */ = {isa = PBXFileReference; fileEncoding = 4; lastKnownFileType = sourcecode.c.objc; path = APHAppDelegate.m; sourceTree = "<group>"; };
		5B18CED91A2CFFD1001A905E /* TermsAndConditions.json */ = {isa = PBXFileReference; fileEncoding = 4; lastKnownFileType = text.json; path = TermsAndConditions.json; sourceTree = "<group>"; };
		5B1D9D671A1BD414000F4AD6 /* APHDashboard.storyboard */ = {isa = PBXFileReference; fileEncoding = 4; lastKnownFileType = file.storyboard; path = APHDashboard.storyboard; sourceTree = "<group>"; };
		5B1D9D681A1BD414000F4AD6 /* APHDashboardEditViewController.h */ = {isa = PBXFileReference; fileEncoding = 4; lastKnownFileType = sourcecode.c.h; path = APHDashboardEditViewController.h; sourceTree = "<group>"; };
		5B1D9D691A1BD414000F4AD6 /* APHDashboardEditViewController.m */ = {isa = PBXFileReference; fileEncoding = 4; lastKnownFileType = sourcecode.c.objc; path = APHDashboardEditViewController.m; sourceTree = "<group>"; };
		5B1D9D6A1A1BD414000F4AD6 /* APHDashboardViewController.h */ = {isa = PBXFileReference; fileEncoding = 4; lastKnownFileType = sourcecode.c.h; path = APHDashboardViewController.h; sourceTree = "<group>"; };
		5B1D9D6B1A1BD414000F4AD6 /* APHDashboardViewController.m */ = {isa = PBXFileReference; fileEncoding = 4; lastKnownFileType = sourcecode.c.objc; path = APHDashboardViewController.m; sourceTree = "<group>"; };
		5BBDAEBA1A33DCDA0047DF87 /* HTMLContent */ = {isa = PBXFileReference; lastKnownFileType = folder; path = HTMLContent; sourceTree = "<group>"; };
		6C8645151AF3F73B00B46C49 /* APHAppDelegate+APHMigration.h */ = {isa = PBXFileReference; fileEncoding = 4; lastKnownFileType = sourcecode.c.h; path = "APHAppDelegate+APHMigration.h"; sourceTree = "<group>"; };
		6C8645161AF3F73B00B46C49 /* APHAppDelegate+APHMigration.m */ = {isa = PBXFileReference; fileEncoding = 4; lastKnownFileType = sourcecode.c.objc; path = "APHAppDelegate+APHMigration.m"; sourceTree = "<group>"; };
		744174E51A923861004A7CC1 /* APHConsentSection.json */ = {isa = PBXFileReference; fileEncoding = 4; lastKnownFileType = text.json; path = APHConsentSection.json; sourceTree = "<group>"; };
		747FB1281ABDDCAA00345000 /* ResearchKit.xcodeproj */ = {isa = PBXFileReference; lastKnownFileType = "wrapper.pb-project"; name = ResearchKit.xcodeproj; path = researchkit/ResearchKit.xcodeproj; sourceTree = "<group>"; };
		747FB1351ABDDCBA00345000 /* APCAppCore.xcodeproj */ = {isa = PBXFileReference; lastKnownFileType = "wrapper.pb-project"; name = APCAppCore.xcodeproj; path = AppCore/APCAppCore/APCAppCore.xcodeproj; sourceTree = "<group>"; };
		74EF8DF91ABEFE61001B47E1 /* BridgeSDK.xcodeproj */ = {isa = PBXFileReference; lastKnownFileType = "wrapper.pb-project"; name = BridgeSDK.xcodeproj; path = BridgeSDK/BridgeSDK.xcodeproj; sourceTree = "<group>"; };
		7B0541F51A842B4900B7729D /* APHDynamicMoodSurveyTask.h */ = {isa = PBXFileReference; fileEncoding = 4; lastKnownFileType = sourcecode.c.h; path = APHDynamicMoodSurveyTask.h; sourceTree = "<group>"; };
		7B0541F61A842B4900B7729D /* APHDynamicMoodSurveyTask.m */ = {isa = PBXFileReference; fileEncoding = 4; lastKnownFileType = sourcecode.c.objc; path = APHDynamicMoodSurveyTask.m; sourceTree = "<group>"; };
		7B4B182F1A8D720400F79C94 /* APHProfileExtender.h */ = {isa = PBXFileReference; fileEncoding = 4; lastKnownFileType = sourcecode.c.h; path = APHProfileExtender.h; sourceTree = "<group>"; };
		7B4B18301A8D720400F79C94 /* APHProfileExtender.m */ = {isa = PBXFileReference; fileEncoding = 4; lastKnownFileType = sourcecode.c.objc; path = APHProfileExtender.m; sourceTree = "<group>"; };
		7B5A5AB21A83FCF700628D4D /* APHCustomSurveyIntroViewController.h */ = {isa = PBXFileReference; fileEncoding = 4; lastKnownFileType = sourcecode.c.h; path = APHCustomSurveyIntroViewController.h; sourceTree = "<group>"; };
		7B5A5AB31A83FCF700628D4D /* APHCustomSurveyIntroViewController.m */ = {isa = PBXFileReference; fileEncoding = 4; lastKnownFileType = sourcecode.c.objc; path = APHCustomSurveyIntroViewController.m; sourceTree = "<group>"; };
		7B5A5AB41A83FCF700628D4D /* APHCustomSurveyIntroViewController.xib */ = {isa = PBXFileReference; fileEncoding = 4; lastKnownFileType = file.xib; path = APHCustomSurveyIntroViewController.xib; sourceTree = "<group>"; };
		7B5E25C91A2045BB00A04FEF /* APHMoodSurveyTaskViewController.h */ = {isa = PBXFileReference; fileEncoding = 4; lastKnownFileType = sourcecode.c.h; name = APHMoodSurveyTaskViewController.h; path = MoodSurvey/APHMoodSurveyTaskViewController.h; sourceTree = "<group>"; };
		7B5E25CA1A2045BB00A04FEF /* APHMoodSurveyTaskViewController.m */ = {isa = PBXFileReference; fileEncoding = 4; lastKnownFileType = sourcecode.c.objc; name = APHMoodSurveyTaskViewController.m; path = MoodSurvey/APHMoodSurveyTaskViewController.m; sourceTree = "<group>"; };
		7B5E25CD1A20592400A04FEF /* APHHeartAgeIntroStepViewController.h */ = {isa = PBXFileReference; fileEncoding = 4; lastKnownFileType = sourcecode.c.h; name = APHHeartAgeIntroStepViewController.h; path = MoodSurvey/Intro/APHHeartAgeIntroStepViewController.h; sourceTree = "<group>"; };
		7B5E25CE1A20592400A04FEF /* APHHeartAgeIntroStepViewController.m */ = {isa = PBXFileReference; fileEncoding = 4; lastKnownFileType = sourcecode.c.objc; name = APHHeartAgeIntroStepViewController.m; path = MoodSurvey/Intro/APHHeartAgeIntroStepViewController.m; sourceTree = "<group>"; };
		7B5E25CF1A20592400A04FEF /* APHHeartAgeIntroStepViewController.xib */ = {isa = PBXFileReference; fileEncoding = 4; lastKnownFileType = file.xib; name = APHHeartAgeIntroStepViewController.xib; path = MoodSurvey/Intro/APHHeartAgeIntroStepViewController.xib; sourceTree = "<group>"; };
		7B7953081A22884500AA8039 /* APHExerciseSurveyTaskViewController.h */ = {isa = PBXFileReference; fileEncoding = 4; lastKnownFileType = sourcecode.c.h; name = APHExerciseSurveyTaskViewController.h; path = ExerciseSurvey/APHExerciseSurveyTaskViewController.h; sourceTree = "<group>"; };
		7B7953091A22884500AA8039 /* APHExerciseSurveyTaskViewController.m */ = {isa = PBXFileReference; fileEncoding = 4; lastKnownFileType = sourcecode.c.objc; name = APHExerciseSurveyTaskViewController.m; path = ExerciseSurvey/APHExerciseSurveyTaskViewController.m; sourceTree = "<group>"; };
		7B7953111A2288D600AA8039 /* APHQuestionViewController.h */ = {isa = PBXFileReference; fileEncoding = 4; lastKnownFileType = sourcecode.c.h; path = APHQuestionViewController.h; sourceTree = "<group>"; };
		7B7953121A2288D600AA8039 /* APHQuestionViewController.m */ = {isa = PBXFileReference; fileEncoding = 4; lastKnownFileType = sourcecode.c.objc; path = APHQuestionViewController.m; sourceTree = "<group>"; };
		7B7953131A2288D600AA8039 /* APHQuestionViewController.xib */ = {isa = PBXFileReference; fileEncoding = 4; lastKnownFileType = file.xib; path = APHQuestionViewController.xib; sourceTree = "<group>"; };
		7B8B67DC1A6711BE0021606D /* APHExerciseMotivationSummaryViewController.storyboard */ = {isa = PBXFileReference; fileEncoding = 4; lastKnownFileType = file.storyboard; path = APHExerciseMotivationSummaryViewController.storyboard; sourceTree = "<group>"; };
		7B8B67DF1A671DDC0021606D /* APHExerciseSummaryContainerTableViewController.h */ = {isa = PBXFileReference; fileEncoding = 4; lastKnownFileType = sourcecode.c.h; path = APHExerciseSummaryContainerTableViewController.h; sourceTree = "<group>"; };
		7B8B67E01A671DDC0021606D /* APHExerciseSummaryContainerTableViewController.m */ = {isa = PBXFileReference; fileEncoding = 4; lastKnownFileType = sourcecode.c.objc; path = APHExerciseSummaryContainerTableViewController.m; sourceTree = "<group>"; };
		7B8D703B1A1C4B13003A7A5B /* APHLogSubmissionViewController.h */ = {isa = PBXFileReference; fileEncoding = 4; lastKnownFileType = sourcecode.c.h; path = APHLogSubmissionViewController.h; sourceTree = "<group>"; };
		7B8D703C1A1C4B13003A7A5B /* APHLogSubmissionViewController.m */ = {isa = PBXFileReference; fileEncoding = 4; lastKnownFileType = sourcecode.c.objc; path = APHLogSubmissionViewController.m; sourceTree = "<group>"; };
		7B8D703D1A1C4B13003A7A5B /* APHLogSubmissionViewController.xib */ = {isa = PBXFileReference; fileEncoding = 4; lastKnownFileType = file.xib; path = APHLogSubmissionViewController.xib; sourceTree = "<group>"; };
		7BA3AC0D1A23DDBC0017B3C8 /* APHExerciseMotivationIntroViewController.h */ = {isa = PBXFileReference; fileEncoding = 4; lastKnownFileType = sourcecode.c.h; path = APHExerciseMotivationIntroViewController.h; sourceTree = "<group>"; };
		7BA3AC0E1A23DDBC0017B3C8 /* APHExerciseMotivationIntroViewController.m */ = {isa = PBXFileReference; fileEncoding = 4; lastKnownFileType = sourcecode.c.objc; path = APHExerciseMotivationIntroViewController.m; sourceTree = "<group>"; };
		7BA3AC0F1A23DDBC0017B3C8 /* APHExerciseMotivationIntroViewController.xib */ = {isa = PBXFileReference; fileEncoding = 4; lastKnownFileType = file.xib; path = APHExerciseMotivationIntroViewController.xib; sourceTree = "<group>"; };
		7BA3AC131A2407D00017B3C8 /* APHExerciseMotivationSummaryViewController.h */ = {isa = PBXFileReference; fileEncoding = 4; lastKnownFileType = sourcecode.c.h; path = APHExerciseMotivationSummaryViewController.h; sourceTree = "<group>"; };
		7BA3AC141A2407D00017B3C8 /* APHExerciseMotivationSummaryViewController.m */ = {isa = PBXFileReference; fileEncoding = 4; lastKnownFileType = sourcecode.c.objc; path = APHExerciseMotivationSummaryViewController.m; sourceTree = "<group>"; };
		7BB24C2E1A831DC500AAE097 /* APHCustomSurveyTableViewCell.h */ = {isa = PBXFileReference; fileEncoding = 4; lastKnownFileType = sourcecode.c.h; path = APHCustomSurveyTableViewCell.h; sourceTree = "<group>"; };
		7BB24C2F1A831DC500AAE097 /* APHCustomSurveyTableViewCell.m */ = {isa = PBXFileReference; fileEncoding = 4; lastKnownFileType = sourcecode.c.objc; path = APHCustomSurveyTableViewCell.m; sourceTree = "<group>"; };
		7BB24C301A831DC500AAE097 /* APHCustomSurveyTableViewCell.xib */ = {isa = PBXFileReference; fileEncoding = 4; lastKnownFileType = file.xib; path = APHCustomSurveyTableViewCell.xib; sourceTree = "<group>"; };
		7BB24C331A831EC900AAE097 /* APHCustomSurveyQuestionViewController.h */ = {isa = PBXFileReference; fileEncoding = 4; lastKnownFileType = sourcecode.c.h; path = APHCustomSurveyQuestionViewController.h; sourceTree = "<group>"; };
		7BB24C341A831EC900AAE097 /* APHCustomSurveyQuestionViewController.m */ = {isa = PBXFileReference; fileEncoding = 4; lastKnownFileType = sourcecode.c.objc; path = APHCustomSurveyQuestionViewController.m; sourceTree = "<group>"; };
		7BB24C351A831EC900AAE097 /* APHCustomSurveyQuestionViewController.xib */ = {isa = PBXFileReference; fileEncoding = 4; lastKnownFileType = file.xib; path = APHCustomSurveyQuestionViewController.xib; sourceTree = "<group>"; };
		7BFD56761A24FAF0001210A2 /* APHDisplayLogHistoryViewController.h */ = {isa = PBXFileReference; fileEncoding = 4; lastKnownFileType = sourcecode.c.h; path = APHDisplayLogHistoryViewController.h; sourceTree = "<group>"; };
		7BFD56771A24FAF0001210A2 /* APHDisplayLogHistoryViewController.m */ = {isa = PBXFileReference; fileEncoding = 4; lastKnownFileType = sourcecode.c.objc; path = APHDisplayLogHistoryViewController.m; sourceTree = "<group>"; };
		7BFD56781A24FAF0001210A2 /* APHDisplayLogHistoryViewController.xib */ = {isa = PBXFileReference; fileEncoding = 4; lastKnownFileType = file.xib; path = APHDisplayLogHistoryViewController.xib; sourceTree = "<group>"; };
		A7D61A491A97B2D700637EDA /* 00_Blank_to_Activities@2x.m4v */ = {isa = PBXFileReference; lastKnownFileType = file; path = "00_Blank_to_Activities@2x.m4v"; sourceTree = "<group>"; };
		A7D61A4A1A97B2D700637EDA /* 01_Activities_to_SensorData@2x.m4v */ = {isa = PBXFileReference; lastKnownFileType = file; path = "01_Activities_to_SensorData@2x.m4v"; sourceTree = "<group>"; };
		A7D61A4B1A97B2D700637EDA /* 02_SensorData_to_DataGathering@2x.m4v */ = {isa = PBXFileReference; lastKnownFileType = file; path = "02_SensorData_to_DataGathering@2x.m4v"; sourceTree = "<group>"; };
		A7D61A4C1A97B2D700637EDA /* 10_PotentialBenifits@2x.m4v */ = {isa = PBXFileReference; lastKnownFileType = file; path = "10_PotentialBenifits@2x.m4v"; sourceTree = "<group>"; };
		A7D61A4D1A97B2D700637EDA /* 11_IssuesToConsider1@2x.m4v */ = {isa = PBXFileReference; lastKnownFileType = file; path = "11_IssuesToConsider1@2x.m4v"; sourceTree = "<group>"; };
		A7D61A4E1A97B2D700637EDA /* 12_IssuesToConside2@2x.m4v */ = {isa = PBXFileReference; lastKnownFileType = file; path = "12_IssuesToConside2@2x.m4v"; sourceTree = "<group>"; };
		A7D61A4F1A97B2D700637EDA /* 13_RiskToPrivacy@2x.m4v */ = {isa = PBXFileReference; lastKnownFileType = file; path = "13_RiskToPrivacy@2x.m4v"; sourceTree = "<group>"; };
		A7D61A511A97B2D700637EDA /* 00_Blank_to_Activities@3x.m4v */ = {isa = PBXFileReference; lastKnownFileType = file; path = "00_Blank_to_Activities@3x.m4v"; sourceTree = "<group>"; };
		A7D61A521A97B2D700637EDA /* 01_Activities_to_SensorData@3x.m4v */ = {isa = PBXFileReference; lastKnownFileType = file; path = "01_Activities_to_SensorData@3x.m4v"; sourceTree = "<group>"; };
		A7D61A531A97B2D700637EDA /* 02_SensorData_to_DataGathering@3x.m4v */ = {isa = PBXFileReference; lastKnownFileType = file; path = "02_SensorData_to_DataGathering@3x.m4v"; sourceTree = "<group>"; };
		A7D61A541A97B2D700637EDA /* 10_PotentialBenifits@3x.m4v */ = {isa = PBXFileReference; lastKnownFileType = file; path = "10_PotentialBenifits@3x.m4v"; sourceTree = "<group>"; };
		A7D61A551A97B2D700637EDA /* 11_IssuesToConsider1@3x.m4v */ = {isa = PBXFileReference; lastKnownFileType = file; path = "11_IssuesToConsider1@3x.m4v"; sourceTree = "<group>"; };
		A7D61A561A97B2D700637EDA /* 12_IssuesToConside2@3x.m4v */ = {isa = PBXFileReference; lastKnownFileType = file; path = "12_IssuesToConside2@3x.m4v"; sourceTree = "<group>"; };
		A7D61A571A97B2D700637EDA /* 13_RiskToPrivacy@3x.m4v */ = {isa = PBXFileReference; lastKnownFileType = file; path = "13_RiskToPrivacy@3x.m4v"; sourceTree = "<group>"; };
		CF15F2491A11616500D87570 /* APHDailyJournalTaskViewController.h */ = {isa = PBXFileReference; fileEncoding = 4; lastKnownFileType = sourcecode.c.h; name = APHDailyJournalTaskViewController.h; path = DailyJournalControllers/APHDailyJournalTaskViewController.h; sourceTree = "<group>"; };
		CF15F24A1A11616500D87570 /* APHDailyJournalTaskViewController.m */ = {isa = PBXFileReference; fileEncoding = 4; lastKnownFileType = sourcecode.c.objc; name = APHDailyJournalTaskViewController.m; path = DailyJournalControllers/APHDailyJournalTaskViewController.m; sourceTree = "<group>"; };
		CF15F24C1A116A5A00D87570 /* APHDailyJournalIntroViewController.h */ = {isa = PBXFileReference; fileEncoding = 4; lastKnownFileType = sourcecode.c.h; name = APHDailyJournalIntroViewController.h; path = DailyJournalControllers/APHDailyJournalIntroViewController.h; sourceTree = "<group>"; };
		CF15F24D1A116A5A00D87570 /* APHDailyJournalIntroViewController.m */ = {isa = PBXFileReference; fileEncoding = 4; lastKnownFileType = sourcecode.c.objc; name = APHDailyJournalIntroViewController.m; path = DailyJournalControllers/APHDailyJournalIntroViewController.m; sourceTree = "<group>"; };
		CF15F24E1A116A5A00D87570 /* APHDailyJournalIntroViewController.xib */ = {isa = PBXFileReference; fileEncoding = 4; lastKnownFileType = file.xib; name = APHDailyJournalIntroViewController.xib; path = DailyJournalControllers/APHDailyJournalIntroViewController.xib; sourceTree = "<group>"; };
		CF2697DB19EC3E4200525E19 /* APHContentsViewController.h */ = {isa = PBXFileReference; fileEncoding = 4; lastKnownFileType = sourcecode.c.h; name = APHContentsViewController.h; path = DailyJournalControllers/APHContentsViewController.h; sourceTree = "<group>"; };
		CF2697DC19EC3E4200525E19 /* APHContentsViewController.m */ = {isa = PBXFileReference; fileEncoding = 4; lastKnownFileType = sourcecode.c.objc; name = APHContentsViewController.m; path = DailyJournalControllers/APHContentsViewController.m; sourceTree = "<group>"; };
		CF2697DD19EC3E4200525E19 /* APHCustomTextView.h */ = {isa = PBXFileReference; fileEncoding = 4; lastKnownFileType = sourcecode.c.h; name = APHCustomTextView.h; path = DailyJournalControllers/APHCustomTextView.h; sourceTree = "<group>"; };
		CF2697DE19EC3E4200525E19 /* APHCustomTextView.m */ = {isa = PBXFileReference; fileEncoding = 4; lastKnownFileType = sourcecode.c.objc; name = APHCustomTextView.m; path = DailyJournalControllers/APHCustomTextView.m; sourceTree = "<group>"; };
		CF2697DF19EC3E4200525E19 /* APHMoodLogDictionaryKeys.h */ = {isa = PBXFileReference; fileEncoding = 4; lastKnownFileType = sourcecode.c.h; name = APHMoodLogDictionaryKeys.h; path = DailyJournalControllers/APHMoodLogDictionaryKeys.h; sourceTree = "<group>"; };
		CF2697E019EC3E4200525E19 /* APHMoodLogDictionaryKeys.m */ = {isa = PBXFileReference; fileEncoding = 4; lastKnownFileType = sourcecode.c.objc; name = APHMoodLogDictionaryKeys.m; path = DailyJournalControllers/APHMoodLogDictionaryKeys.m; sourceTree = "<group>"; };
		CF2697E119EC3E4200525E19 /* APHNotesContentsTableViewCell.h */ = {isa = PBXFileReference; fileEncoding = 4; lastKnownFileType = sourcecode.c.h; name = APHNotesContentsTableViewCell.h; path = DailyJournalControllers/APHNotesContentsTableViewCell.h; sourceTree = "<group>"; };
		CF2697E219EC3E4200525E19 /* APHNotesContentsTableViewCell.m */ = {isa = PBXFileReference; fileEncoding = 4; lastKnownFileType = sourcecode.c.objc; name = APHNotesContentsTableViewCell.m; path = DailyJournalControllers/APHNotesContentsTableViewCell.m; sourceTree = "<group>"; };
		CF2697E319EC3E4200525E19 /* APHNotesViewController.h */ = {isa = PBXFileReference; fileEncoding = 4; lastKnownFileType = sourcecode.c.h; name = APHNotesViewController.h; path = DailyJournalControllers/APHNotesViewController.h; sourceTree = "<group>"; };
		CF2697E419EC3E4200525E19 /* APHNotesViewController.m */ = {isa = PBXFileReference; fileEncoding = 4; lastKnownFileType = sourcecode.c.objc; name = APHNotesViewController.m; path = DailyJournalControllers/APHNotesViewController.m; sourceTree = "<group>"; };
		CF2697E519EC3E4200525E19 /* APHNotesViewController.xib */ = {isa = PBXFileReference; fileEncoding = 4; lastKnownFileType = file.xib; name = APHNotesViewController.xib; path = DailyJournalControllers/APHNotesViewController.xib; sourceTree = "<group>"; };
		CF5FAB4119F95C8F0006CA71 /* APHContentsViewController.xib */ = {isa = PBXFileReference; fileEncoding = 4; lastKnownFileType = file.xib; name = APHContentsViewController.xib; path = DailyJournalControllers/APHContentsViewController.xib; sourceTree = "<group>"; };
		CF5FAB4219F95C8F0006CA71 /* APHNotesContentsTableViewCell.xib */ = {isa = PBXFileReference; fileEncoding = 4; lastKnownFileType = file.xib; name = APHNotesContentsTableViewCell.xib; path = DailyJournalControllers/APHNotesContentsTableViewCell.xib; sourceTree = "<group>"; };
		F534B58319E4681E00C3C152 /* BreastCancer.app */ = {isa = PBXFileReference; explicitFileType = wrapper.application; includeInIndex = 0; path = BreastCancer.app; sourceTree = BUILT_PRODUCTS_DIR; };
		F534B58719E4681E00C3C152 /* Info.plist */ = {isa = PBXFileReference; lastKnownFileType = text.plist.xml; path = Info.plist; sourceTree = "<group>"; };
		F534B58819E4681E00C3C152 /* main.m */ = {isa = PBXFileReference; lastKnownFileType = sourcecode.c.objc; path = main.m; sourceTree = "<group>"; };
		F534B59319E4681E00C3C152 /* Images.xcassets */ = {isa = PBXFileReference; lastKnownFileType = folder.assetcatalog; path = Images.xcassets; sourceTree = "<group>"; };
		F534B5CB19E4689D00C3C152 /* APCParameters.json */ = {isa = PBXFileReference; fileEncoding = 4; lastKnownFileType = text.json; path = APCParameters.json; sourceTree = "<group>"; };
		F534B5CC19E4689D00C3C152 /* APHTasksAndSchedules.json */ = {isa = PBXFileReference; fileEncoding = 4; lastKnownFileType = text.json; path = APHTasksAndSchedules.json; sourceTree = "<group>"; };
		F534B5CF19E4689D00C3C152 /* StudyOverview.json */ = {isa = PBXFileReference; fileEncoding = 4; lastKnownFileType = text.json; path = StudyOverview.json; sourceTree = "<group>"; };
		F534B5E319E4689D00C3C152 /* LaunchScreen.xib */ = {isa = PBXFileReference; fileEncoding = 4; lastKnownFileType = file.xib; path = LaunchScreen.xib; sourceTree = "<group>"; };
		F534B5E419E4689D00C3C152 /* Main.storyboard */ = {isa = PBXFileReference; fileEncoding = 4; lastKnownFileType = file.storyboard; path = Main.storyboard; sourceTree = "<group>"; };
		F534B6F419E468D400C3C152 /* BreastCancer.entitlements */ = {isa = PBXFileReference; lastKnownFileType = text.xml; path = BreastCancer.entitlements; sourceTree = "<group>"; };
		F534B6F519E468D400C3C152 /* HealthKit.framework */ = {isa = PBXFileReference; lastKnownFileType = wrapper.framework; name = HealthKit.framework; path = System/Library/Frameworks/HealthKit.framework; sourceTree = SDKROOT; };
		F534B70A19E4699A00C3C152 /* CoreData.framework */ = {isa = PBXFileReference; lastKnownFileType = wrapper.framework; name = CoreData.framework; path = System/Library/Frameworks/CoreData.framework; sourceTree = SDKROOT; };
		F534B70C19E469A000C3C152 /* Security.framework */ = {isa = PBXFileReference; lastKnownFileType = wrapper.framework; name = Security.framework; path = System/Library/Frameworks/Security.framework; sourceTree = SDKROOT; };
		F534B70E19E469A600C3C152 /* AVFoundation.framework */ = {isa = PBXFileReference; lastKnownFileType = wrapper.framework; name = AVFoundation.framework; path = System/Library/Frameworks/AVFoundation.framework; sourceTree = SDKROOT; };
		F53F279C1A2D30D600A1D725 /* APHDataPoint.h */ = {isa = PBXFileReference; fileEncoding = 4; lastKnownFileType = sourcecode.c.h; path = APHDataPoint.h; sourceTree = "<group>"; };
		F53F279D1A2D30D600A1D725 /* APHDataPoint.m */ = {isa = PBXFileReference; fileEncoding = 4; lastKnownFileType = sourcecode.c.objc; path = APHDataPoint.m; sourceTree = "<group>"; };
		F53F279E1A2D30D600A1D725 /* APHScoring.h */ = {isa = PBXFileReference; fileEncoding = 4; lastKnownFileType = sourcecode.c.h; path = APHScoring.h; sourceTree = "<group>"; };
		F53F279F1A2D30D600A1D725 /* APHScoring.m */ = {isa = PBXFileReference; fileEncoding = 4; lastKnownFileType = sourcecode.c.objc; path = APHScoring.m; sourceTree = "<group>"; };
/* End PBXFileReference section */

/* Begin PBXFrameworksBuildPhase section */
		F534B58019E4681E00C3C152 /* Frameworks */ = {
			isa = PBXFrameworksBuildPhase;
			buildActionMask = 2147483647;
			files = (
				747FB13F1ABDDD2500345000 /* APCAppCore.framework in Frameworks */,
				747FB13E1ABDDD1E00345000 /* ResearchKit.framework in Frameworks */,
				F534B70F19E469A600C3C152 /* AVFoundation.framework in Frameworks */,
				F534B70D19E469A100C3C152 /* Security.framework in Frameworks */,
				F534B70B19E4699A00C3C152 /* CoreData.framework in Frameworks */,
				74EF8E0F1ABEFE86001B47E1 /* BridgeSDK.framework in Frameworks */,
				F534B6F619E468D400C3C152 /* HealthKit.framework in Frameworks */,
			);
			runOnlyForDeploymentPostprocessing = 0;
		};
/* End PBXFrameworksBuildPhase section */

/* Begin PBXGroup section */
		083D6AFB1AA4AE210064AADD /* Generic Surveys */ = {
			isa = PBXGroup;
			children = (
				083D6AF81AA4AE130064AADD /* APHBackgroundSurveyViewController.h */,
				083D6AF91AA4AE130064AADD /* APHBackgroundSurveyViewController.m */,
				083D6AFC1AA4AE430064AADD /* APHSymptomSurveyViewController.h */,
				083D6AFD1AA4AE430064AADD /* APHSymptomSurveyViewController.m */,
				083D6B0B1AA4AEAD0064AADD /* APHWeeklySurveyViewController.h */,
				083D6B0C1AA4AEAD0064AADD /* APHWeeklySurveyViewController.m */,
			);
			name = "Generic Surveys";
			sourceTree = "<group>";
		};
		087B44A71B1B981100568999 /* ExerciseCheckIn */ = {
			isa = PBXGroup;
			children = (
				087B44AB1B1B982300568999 /* APHExerciseCheckinTask.h */,
				087B44AC1B1B982300568999 /* APHExerciseCheckinTask.m */,
				087B44A81B1B981100568999 /* APHExerciseCheckInTaskViewController.h */,
				087B44A91B1B981100568999 /* APHExerciseCheckInTaskViewController.m */,
			);
			path = ExerciseCheckIn;
			sourceTree = "<group>";
		};
		087B44BC1B1B9C6000568999 /* Surveys */ = {
			isa = PBXGroup;
			children = (
				087B44BD1B1B9C6000568999 /* BCS_feedback.json */,
				087B44BE1B1B9C6000568999 /* BCS_mythoughts.json */,
				087B44BF1B1B9C6000568999 /* BCSBackgroundSurvey.json */,
				087B44C11B1B9C6000568999 /* BCSWeeklySurvey.json */,
			);
			path = Surveys;
			sourceTree = "<group>";
		};
		5B1095BE1A9FA0B5006631F5 /* PDF */ = {
			isa = PBXGroup;
			children = (
				5B1095BF1A9FA0B5006631F5 /* consent.pdf */,
			);
			path = PDF;
			sourceTree = "<group>";
		};
		5B15DD241A114F9000BEA0D1 /* Onboarding */ = {
			isa = PBXGroup;
			children = (
				5B15DD2D1A114F9000BEA0D1 /* APHOnboarding.storyboard */,
				5B15DD271A114F9000BEA0D1 /* APHInclusionCriteriaViewController.h */,
				5B15DD281A114F9000BEA0D1 /* APHInclusionCriteriaViewController.m */,
			);
			path = Onboarding;
			sourceTree = "<group>";
		};
		5B1D9D661A1BD414000F4AD6 /* Dashboard */ = {
			isa = PBXGroup;
			children = (
				5B1D9D671A1BD414000F4AD6 /* APHDashboard.storyboard */,
				5B1D9D6A1A1BD414000F4AD6 /* APHDashboardViewController.h */,
				5B1D9D6B1A1BD414000F4AD6 /* APHDashboardViewController.m */,
				5B1D9D681A1BD414000F4AD6 /* APHDashboardEditViewController.h */,
				5B1D9D691A1BD414000F4AD6 /* APHDashboardEditViewController.m */,
			);
			path = Dashboard;
			sourceTree = "<group>";
		};
		6C8645221AF3F73F00B46C49 /* Migration */ = {
			isa = PBXGroup;
			children = (
				6C8645151AF3F73B00B46C49 /* APHAppDelegate+APHMigration.h */,
				6C8645161AF3F73B00B46C49 /* APHAppDelegate+APHMigration.m */,
			);
			name = Migration;
			sourceTree = "<group>";
		};
		747FB1291ABDDCAA00345000 /* Products */ = {
			isa = PBXGroup;
			children = (
				747FB1301ABDDCAA00345000 /* ResearchKit.framework */,
				6C8645211AF3F73B00B46C49 /* ResearchKitTests.xctest */,
			);
			name = Products;
			sourceTree = "<group>";
		};
		747FB1361ABDDCBA00345000 /* Products */ = {
			isa = PBXGroup;
			children = (
				747FB13B1ABDDCBA00345000 /* APCAppCore.framework */,
				747FB13D1ABDDCBA00345000 /* APCAppCoreTests.xctest */,
			);
			name = Products;
			sourceTree = "<group>";
		};
		74EF8DFA1ABEFE61001B47E1 /* Products */ = {
			isa = PBXGroup;
			children = (
				74EF8E051ABEFE62001B47E1 /* BridgeSDK.framework */,
				74EF8E071ABEFE62001B47E1 /* BridgeSDKTests.xctest */,
				048A05461B7AE31E005AEACC /* BridgeSDKIntegration.app */,
				048A05481B7AE31E005AEACC /* BridgeSDKIntegrationTests.xctest */,
			);
			name = Products;
			sourceTree = "<group>";
		};
		7B5E25C71A20454200A04FEF /* Mood Survey */ = {
			isa = PBXGroup;
			children = (
				7B0541F51A842B4900B7729D /* APHDynamicMoodSurveyTask.h */,
				7B0541F61A842B4900B7729D /* APHDynamicMoodSurveyTask.m */,
				7B5E25C91A2045BB00A04FEF /* APHMoodSurveyTaskViewController.h */,
				7B5E25CA1A2045BB00A04FEF /* APHMoodSurveyTaskViewController.m */,
				7B5E25CC1A2058E400A04FEF /* Intro */,
			);
			name = "Mood Survey";
			sourceTree = "<group>";
		};
		7B5E25CC1A2058E400A04FEF /* Intro */ = {
			isa = PBXGroup;
			children = (
				7B5E25CD1A20592400A04FEF /* APHHeartAgeIntroStepViewController.h */,
				7B5E25CE1A20592400A04FEF /* APHHeartAgeIntroStepViewController.m */,
				7B5E25CF1A20592400A04FEF /* APHHeartAgeIntroStepViewController.xib */,
				7BB24C2C1A831D9D00AAE097 /* Customizable Survey */,
			);
			name = Intro;
			sourceTree = "<group>";
		};
		7B7953031A22849300AA8039 /* ExerciseSurvey */ = {
			isa = PBXGroup;
			children = (
				7B7953081A22884500AA8039 /* APHExerciseSurveyTaskViewController.h */,
				7B7953091A22884500AA8039 /* APHExerciseSurveyTaskViewController.m */,
				7BA3AC071A22D7BD0017B3C8 /* Intro */,
				7B79530A1A22884500AA8039 /* CustomView */,
			);
			name = ExerciseSurvey;
			sourceTree = "<group>";
		};
		7B79530A1A22884500AA8039 /* CustomView */ = {
			isa = PBXGroup;
			children = (
				7B7953111A2288D600AA8039 /* APHQuestionViewController.h */,
				7B7953121A2288D600AA8039 /* APHQuestionViewController.m */,
				7B7953131A2288D600AA8039 /* APHQuestionViewController.xib */,
				7BA3AC131A2407D00017B3C8 /* APHExerciseMotivationSummaryViewController.h */,
				7BA3AC141A2407D00017B3C8 /* APHExerciseMotivationSummaryViewController.m */,
				7B8B67DC1A6711BE0021606D /* APHExerciseMotivationSummaryViewController.storyboard */,
				7B8B67DF1A671DDC0021606D /* APHExerciseSummaryContainerTableViewController.h */,
				7B8B67E01A671DDC0021606D /* APHExerciseSummaryContainerTableViewController.m */,
			);
			name = CustomView;
			path = ExerciseSurvey/CustomView;
			sourceTree = "<group>";
		};
		7B8B67D41A6701B10021606D /* Certificates */ = {
			isa = PBXGroup;
			children = (
			);
			path = Certificates;
			sourceTree = "<group>";
		};
		7BA3AC071A22D7BD0017B3C8 /* Intro */ = {
			isa = PBXGroup;
			children = (
				7BA3AC0D1A23DDBC0017B3C8 /* APHExerciseMotivationIntroViewController.h */,
				7BA3AC0E1A23DDBC0017B3C8 /* APHExerciseMotivationIntroViewController.m */,
				7BA3AC0F1A23DDBC0017B3C8 /* APHExerciseMotivationIntroViewController.xib */,
			);
			name = Intro;
			sourceTree = "<group>";
		};
		7BB24C2C1A831D9D00AAE097 /* Customizable Survey */ = {
			isa = PBXGroup;
			children = (
				7B5A5AB21A83FCF700628D4D /* APHCustomSurveyIntroViewController.h */,
				7B5A5AB31A83FCF700628D4D /* APHCustomSurveyIntroViewController.m */,
				7B5A5AB41A83FCF700628D4D /* APHCustomSurveyIntroViewController.xib */,
				7BB24C2E1A831DC500AAE097 /* APHCustomSurveyTableViewCell.h */,
				7BB24C2F1A831DC500AAE097 /* APHCustomSurveyTableViewCell.m */,
				7BB24C301A831DC500AAE097 /* APHCustomSurveyTableViewCell.xib */,
				7BB24C331A831EC900AAE097 /* APHCustomSurveyQuestionViewController.h */,
				7BB24C341A831EC900AAE097 /* APHCustomSurveyQuestionViewController.m */,
				7BB24C351A831EC900AAE097 /* APHCustomSurveyQuestionViewController.xib */,
			);
			name = "Customizable Survey";
			path = "MoodSurvey/Intro/Customizable Survey";
			sourceTree = "<group>";
		};
		7BD1D3D61A70CF3500D6A377 /* Intro */ = {
			isa = PBXGroup;
			children = (
				CF2697DB19EC3E4200525E19 /* APHContentsViewController.h */,
				CF2697DC19EC3E4200525E19 /* APHContentsViewController.m */,
				CF5FAB4119F95C8F0006CA71 /* APHContentsViewController.xib */,
				CF5FAB4219F95C8F0006CA71 /* APHNotesContentsTableViewCell.xib */,
				7BFD56761A24FAF0001210A2 /* APHDisplayLogHistoryViewController.h */,
				7BFD56771A24FAF0001210A2 /* APHDisplayLogHistoryViewController.m */,
				7BFD56781A24FAF0001210A2 /* APHDisplayLogHistoryViewController.xib */,
				CF15F24C1A116A5A00D87570 /* APHDailyJournalIntroViewController.h */,
				CF15F24D1A116A5A00D87570 /* APHDailyJournalIntroViewController.m */,
				CF15F24E1A116A5A00D87570 /* APHDailyJournalIntroViewController.xib */,
				215C53641A8C5D6F0006F7DC /* APHNotesHeaderTableViewCell.h */,
				215C53651A8C5D6F0006F7DC /* APHNotesHeaderTableViewCell.m */,
				215C53661A8C5D6F0006F7DC /* APHNotesHeaderTableViewCell.xib */,
			);
			name = Intro;
			sourceTree = "<group>";
		};
		7BD1D3D71A70CF3C00D6A377 /* Steps */ = {
			isa = PBXGroup;
			children = (
				CF2697E319EC3E4200525E19 /* APHNotesViewController.h */,
				CF2697E419EC3E4200525E19 /* APHNotesViewController.m */,
				CF2697E519EC3E4200525E19 /* APHNotesViewController.xib */,
			);
			name = Steps;
			sourceTree = "<group>";
		};
		7BD1D3D81A70CF4A00D6A377 /* Components */ = {
			isa = PBXGroup;
			children = (
				CF2697DD19EC3E4200525E19 /* APHCustomTextView.h */,
				CF2697DE19EC3E4200525E19 /* APHCustomTextView.m */,
				CF2697DF19EC3E4200525E19 /* APHMoodLogDictionaryKeys.h */,
				CF2697E019EC3E4200525E19 /* APHMoodLogDictionaryKeys.m */,
			);
			name = Components;
			sourceTree = "<group>";
		};
		7BD1D3D91A70CFDB00D6A377 /* Summary */ = {
			isa = PBXGroup;
			children = (
				7B8D703B1A1C4B13003A7A5B /* APHLogSubmissionViewController.h */,
				7B8D703C1A1C4B13003A7A5B /* APHLogSubmissionViewController.m */,
				7B8D703D1A1C4B13003A7A5B /* APHLogSubmissionViewController.xib */,
			);
			name = Summary;
			sourceTree = "<group>";
		};
		A7D61A471A97B2D700637EDA /* Consent */ = {
			isa = PBXGroup;
			children = (
				A7D61A481A97B2D700637EDA /* 2x */,
				A7D61A501A97B2D700637EDA /* 3x */,
			);
			path = Consent;
			sourceTree = "<group>";
		};
		A7D61A481A97B2D700637EDA /* 2x */ = {
			isa = PBXGroup;
			children = (
				A7D61A491A97B2D700637EDA /* 00_Blank_to_Activities@2x.m4v */,
				A7D61A4A1A97B2D700637EDA /* 01_Activities_to_SensorData@2x.m4v */,
				A7D61A4B1A97B2D700637EDA /* 02_SensorData_to_DataGathering@2x.m4v */,
				A7D61A4C1A97B2D700637EDA /* 10_PotentialBenifits@2x.m4v */,
				A7D61A4D1A97B2D700637EDA /* 11_IssuesToConsider1@2x.m4v */,
				A7D61A4E1A97B2D700637EDA /* 12_IssuesToConside2@2x.m4v */,
				A7D61A4F1A97B2D700637EDA /* 13_RiskToPrivacy@2x.m4v */,
			);
			path = 2x;
			sourceTree = "<group>";
		};
		A7D61A501A97B2D700637EDA /* 3x */ = {
			isa = PBXGroup;
			children = (
				A7D61A511A97B2D700637EDA /* 00_Blank_to_Activities@3x.m4v */,
				A7D61A521A97B2D700637EDA /* 01_Activities_to_SensorData@3x.m4v */,
				A7D61A531A97B2D700637EDA /* 02_SensorData_to_DataGathering@3x.m4v */,
				A7D61A541A97B2D700637EDA /* 10_PotentialBenifits@3x.m4v */,
				A7D61A551A97B2D700637EDA /* 11_IssuesToConsider1@3x.m4v */,
				A7D61A561A97B2D700637EDA /* 12_IssuesToConside2@3x.m4v */,
				A7D61A571A97B2D700637EDA /* 13_RiskToPrivacy@3x.m4v */,
			);
			path = 3x;
			sourceTree = "<group>";
		};
		CF2697DA19EC3E0D00525E19 /* Daily Journal Controllers */ = {
			isa = PBXGroup;
			children = (
				CF15F2491A11616500D87570 /* APHDailyJournalTaskViewController.h */,
				CF15F24A1A11616500D87570 /* APHDailyJournalTaskViewController.m */,
				7BD1D3D91A70CFDB00D6A377 /* Summary */,
				7BD1D3D81A70CF4A00D6A377 /* Components */,
				7BD1D3D71A70CF3C00D6A377 /* Steps */,
				7BD1D3D61A70CF3500D6A377 /* Intro */,
				CF2697E119EC3E4200525E19 /* APHNotesContentsTableViewCell.h */,
				CF2697E219EC3E4200525E19 /* APHNotesContentsTableViewCell.m */,
			);
			name = "Daily Journal Controllers";
			sourceTree = "<group>";
		};
		F534B57A19E4681E00C3C152 = {
			isa = PBXGroup;
			children = (
				F534B58519E4681E00C3C152 /* BreastCancer */,
				F571C9261A2F97450011C270 /* Frameworks */,
				F534B58419E4681E00C3C152 /* Products */,
			);
			sourceTree = "<group>";
		};
		F534B58419E4681E00C3C152 /* Products */ = {
			isa = PBXGroup;
			children = (
				F534B58319E4681E00C3C152 /* BreastCancer.app */,
			);
			name = Products;
			sourceTree = "<group>";
		};
		F534B58519E4681E00C3C152 /* BreastCancer */ = {
			isa = PBXGroup;
			children = (
				F534B5DE19E4689D00C3C152 /* Startup */,
				5B15DD241A114F9000BEA0D1 /* Onboarding */,
				F534B5E519E4689D00C3C152 /* TabBarControllers */,
				F534B60C19E4689D00C3C152 /* TasksAndSteps */,
				F534B5C419E4689D00C3C152 /* Resources */,
				F53F27991A2D30D600A1D725 /* Library */,
				F534B59319E4681E00C3C152 /* Images.xcassets */,
				F534B58619E4681E00C3C152 /* Supporting Files */,
			);
			path = BreastCancer;
			sourceTree = "<group>";
		};
		F534B58619E4681E00C3C152 /* Supporting Files */ = {
			isa = PBXGroup;
			children = (
				F534B6F419E468D400C3C152 /* BreastCancer.entitlements */,
				F534B58719E4681E00C3C152 /* Info.plist */,
				F534B58819E4681E00C3C152 /* main.m */,
			);
			name = "Supporting Files";
			sourceTree = "<group>";
		};
		F534B5C419E4689D00C3C152 /* Resources */ = {
			isa = PBXGroup;
			children = (
				087B44BC1B1B9C6000568999 /* Surveys */,
				5B1095BE1A9FA0B5006631F5 /* PDF */,
				7B8B67D41A6701B10021606D /* Certificates */,
				5BBDAEBA1A33DCDA0047DF87 /* HTMLContent */,
				F534B5CA19E4689D00C3C152 /* JSONs */,
				F534B5D619E4689D00C3C152 /* Videos */,
			);
			path = Resources;
			sourceTree = "<group>";
		};
		F534B5CA19E4689D00C3C152 /* JSONs */ = {
			isa = PBXGroup;
			children = (
				744174E51A923861004A7CC1 /* APHConsentSection.json */,
				5B18CED91A2CFFD1001A905E /* TermsAndConditions.json */,
				5B15DCF21A114F7000BEA0D1 /* Learn.json */,
				5B15DCF31A114F7000BEA0D1 /* WithdrawStudy.json */,
				F534B5CB19E4689D00C3C152 /* APCParameters.json */,
				F534B5CC19E4689D00C3C152 /* APHTasksAndSchedules.json */,
				F534B5CF19E4689D00C3C152 /* StudyOverview.json */,
				048A053B1B7AE31D005AEACC /* APHTaskIdToViewControllerMapping.json */,
			);
			path = JSONs;
			sourceTree = "<group>";
		};
		F534B5D619E4689D00C3C152 /* Videos */ = {
			isa = PBXGroup;
			children = (
				5A0F98D91AA2E2A900A2A7EB /* Intro.mp4 */,
				A7D61A471A97B2D700637EDA /* Consent */,
			);
			path = Videos;
			sourceTree = "<group>";
		};
		F534B5DE19E4689D00C3C152 /* Startup */ = {
			isa = PBXGroup;
			children = (
				5B15DD461A11524900BEA0D1 /* APHAppDelegate.h */,
				5B15DD471A11524900BEA0D1 /* APHAppDelegate.m */,
				6C8645221AF3F73F00B46C49 /* Migration */,
				F534B5E319E4689D00C3C152 /* LaunchScreen.xib */,
				F534B5E419E4689D00C3C152 /* Main.storyboard */,
				7B4B182F1A8D720400F79C94 /* APHProfileExtender.h */,
				7B4B18301A8D720400F79C94 /* APHProfileExtender.m */,
			);
			path = Startup;
			sourceTree = "<group>";
		};
		F534B5E519E4689D00C3C152 /* TabBarControllers */ = {
			isa = PBXGroup;
			children = (
				5B1D9D661A1BD414000F4AD6 /* Dashboard */,
			);
			path = TabBarControllers;
			sourceTree = "<group>";
		};
		F534B60C19E4689D00C3C152 /* TasksAndSteps */ = {
			isa = PBXGroup;
			children = (
				087B44A71B1B981100568999 /* ExerciseCheckIn */,
				7B7953031A22849300AA8039 /* ExerciseSurvey */,
				7B5E25C71A20454200A04FEF /* Mood Survey */,
				CF2697DA19EC3E0D00525E19 /* Daily Journal Controllers */,
				083D6AFB1AA4AE210064AADD /* Generic Surveys */,
			);
			path = TasksAndSteps;
			sourceTree = "<group>";
		};
		F53F27991A2D30D600A1D725 /* Library */ = {
			isa = PBXGroup;
			children = (
				F53F279B1A2D30D600A1D725 /* Scoring */,
			);
			path = Library;
			sourceTree = "<group>";
		};
		F53F279B1A2D30D600A1D725 /* Scoring */ = {
			isa = PBXGroup;
			children = (
				F53F279C1A2D30D600A1D725 /* APHDataPoint.h */,
				F53F279D1A2D30D600A1D725 /* APHDataPoint.m */,
				F53F279E1A2D30D600A1D725 /* APHScoring.h */,
				F53F279F1A2D30D600A1D725 /* APHScoring.m */,
			);
			path = Scoring;
			sourceTree = "<group>";
		};
		F571C9261A2F97450011C270 /* Frameworks */ = {
			isa = PBXGroup;
			children = (
				74EF8DF91ABEFE61001B47E1 /* BridgeSDK.xcodeproj */,
				747FB1281ABDDCAA00345000 /* ResearchKit.xcodeproj */,
				747FB1351ABDDCBA00345000 /* APCAppCore.xcodeproj */,
				F534B70E19E469A600C3C152 /* AVFoundation.framework */,
				F534B70C19E469A000C3C152 /* Security.framework */,
				F534B70A19E4699A00C3C152 /* CoreData.framework */,
				F534B6F519E468D400C3C152 /* HealthKit.framework */,
			);
			name = Frameworks;
			sourceTree = "<group>";
		};
/* End PBXGroup section */

/* Begin PBXNativeTarget section */
		F534B58219E4681E00C3C152 /* BreastCancer */ = {
			isa = PBXNativeTarget;
			buildConfigurationList = F534B5A619E4681E00C3C152 /* Build configuration list for PBXNativeTarget "BreastCancer" */;
			buildPhases = (
				F534B57F19E4681E00C3C152 /* Sources */,
				F534B58019E4681E00C3C152 /* Frameworks */,
				F534B58119E4681E00C3C152 /* Resources */,
				F534B70719E4697E00C3C152 /* Embed Frameworks */,
			);
			buildRules = (
			);
			dependencies = (
				74EF8E1A1ABEFEBB001B47E1 /* PBXTargetDependency */,
				747FB1431ABDDE3000345000 /* PBXTargetDependency */,
				747FB1411ABDDE2B00345000 /* PBXTargetDependency */,
				747FB15D1ABDF02100345000 /* PBXTargetDependency */,
				74EF8E0E1ABEFE7B001B47E1 /* PBXTargetDependency */,
			);
			name = BreastCancer;
			productName = BreastCancer;
			productReference = F534B58319E4681E00C3C152 /* BreastCancer.app */;
			productType = "com.apple.product-type.application";
		};
/* End PBXNativeTarget section */

/* Begin PBXProject section */
		F534B57B19E4681E00C3C152 /* Project object */ = {
			isa = PBXProject;
			attributes = {
				CLASSPREFIX = APH;
				LastUpgradeCheck = 0630;
				ORGANIZATIONNAME = "Apple, Inc.";
				TargetAttributes = {
					F534B58219E4681E00C3C152 = {
						CreatedOnToolsVersion = 6.0.1;
						SystemCapabilities = {
							com.apple.BackgroundModes = {
								enabled = 1;
							};
							com.apple.DataProtection = {
								enabled = 1;
							};
							com.apple.HealthKit = {
								enabled = 1;
							};
						};
					};
				};
			};
			buildConfigurationList = F534B57E19E4681E00C3C152 /* Build configuration list for PBXProject "BreastCancer" */;
			compatibilityVersion = "Xcode 3.2";
			developmentRegion = English;
			hasScannedForEncodings = 0;
			knownRegions = (
				en,
				Base,
			);
			mainGroup = F534B57A19E4681E00C3C152;
			productRefGroup = F534B58419E4681E00C3C152 /* Products */;
			projectDirPath = "";
			projectReferences = (
				{
					ProductGroup = 747FB1361ABDDCBA00345000 /* Products */;
					ProjectRef = 747FB1351ABDDCBA00345000 /* APCAppCore.xcodeproj */;
				},
				{
					ProductGroup = 74EF8DFA1ABEFE61001B47E1 /* Products */;
					ProjectRef = 74EF8DF91ABEFE61001B47E1 /* BridgeSDK.xcodeproj */;
				},
				{
					ProductGroup = 747FB1291ABDDCAA00345000 /* Products */;
					ProjectRef = 747FB1281ABDDCAA00345000 /* ResearchKit.xcodeproj */;
				},
			);
			projectRoot = "";
			targets = (
				F534B58219E4681E00C3C152 /* BreastCancer */,
			);
		};
/* End PBXProject section */

/* Begin PBXReferenceProxy section */
		048A05461B7AE31E005AEACC /* BridgeSDKIntegration.app */ = {
			isa = PBXReferenceProxy;
			fileType = wrapper.application;
			path = BridgeSDKIntegration.app;
			remoteRef = 048A05451B7AE31E005AEACC /* PBXContainerItemProxy */;
			sourceTree = BUILT_PRODUCTS_DIR;
		};
		048A05481B7AE31E005AEACC /* BridgeSDKIntegrationTests.xctest */ = {
			isa = PBXReferenceProxy;
			fileType = wrapper.cfbundle;
			path = BridgeSDKIntegrationTests.xctest;
			remoteRef = 048A05471B7AE31E005AEACC /* PBXContainerItemProxy */;
			sourceTree = BUILT_PRODUCTS_DIR;
		};
		6C8645211AF3F73B00B46C49 /* ResearchKitTests.xctest */ = {
			isa = PBXReferenceProxy;
			fileType = wrapper.cfbundle;
			path = ResearchKitTests.xctest;
			remoteRef = 6C8645201AF3F73B00B46C49 /* PBXContainerItemProxy */;
			sourceTree = BUILT_PRODUCTS_DIR;
		};
		747FB1301ABDDCAA00345000 /* ResearchKit.framework */ = {
			isa = PBXReferenceProxy;
			fileType = wrapper.framework;
			path = ResearchKit.framework;
			remoteRef = 747FB12F1ABDDCAA00345000 /* PBXContainerItemProxy */;
			sourceTree = BUILT_PRODUCTS_DIR;
		};
		747FB13B1ABDDCBA00345000 /* APCAppCore.framework */ = {
			isa = PBXReferenceProxy;
			fileType = wrapper.framework;
			path = APCAppCore.framework;
			remoteRef = 747FB13A1ABDDCBA00345000 /* PBXContainerItemProxy */;
			sourceTree = BUILT_PRODUCTS_DIR;
		};
		747FB13D1ABDDCBA00345000 /* APCAppCoreTests.xctest */ = {
			isa = PBXReferenceProxy;
			fileType = wrapper.cfbundle;
			path = APCAppCoreTests.xctest;
			remoteRef = 747FB13C1ABDDCBA00345000 /* PBXContainerItemProxy */;
			sourceTree = BUILT_PRODUCTS_DIR;
		};
		74EF8E051ABEFE62001B47E1 /* BridgeSDK.framework */ = {
			isa = PBXReferenceProxy;
			fileType = wrapper.framework;
			path = BridgeSDK.framework;
			remoteRef = 74EF8E041ABEFE62001B47E1 /* PBXContainerItemProxy */;
			sourceTree = BUILT_PRODUCTS_DIR;
		};
		74EF8E071ABEFE62001B47E1 /* BridgeSDKTests.xctest */ = {
			isa = PBXReferenceProxy;
			fileType = wrapper.cfbundle;
			path = BridgeSDKTests.xctest;
			remoteRef = 74EF8E061ABEFE62001B47E1 /* PBXContainerItemProxy */;
			sourceTree = BUILT_PRODUCTS_DIR;
		};
/* End PBXReferenceProxy section */

/* Begin PBXResourcesBuildPhase section */
		F534B58119E4681E00C3C152 /* Resources */ = {
			isa = PBXResourcesBuildPhase;
			buildActionMask = 2147483647;
			files = (
				7BA3AC111A23DDBC0017B3C8 /* APHExerciseMotivationIntroViewController.xib in Resources */,
				087B44C61B1B9C6000568999 /* BCSWeeklySurvey.json in Resources */,
				A7D61A5E1A97B2D700637EDA /* 13_RiskToPrivacy@2x.m4v in Resources */,
				5B15DCF51A114F7000BEA0D1 /* WithdrawStudy.json in Resources */,
				7B8B67DD1A6711BE0021606D /* APHExerciseMotivationSummaryViewController.storyboard in Resources */,
				5B15DD3E1A114F9000BEA0D1 /* APHOnboarding.storyboard in Resources */,
				7B7953151A2288D600AA8039 /* APHQuestionViewController.xib in Resources */,
				5B1D9D6C1A1BD414000F4AD6 /* APHDashboard.storyboard in Resources */,
				CF5FAB4319F95C8F0006CA71 /* APHContentsViewController.xib in Resources */,
				A7D61A581A97B2D700637EDA /* 00_Blank_to_Activities@2x.m4v in Resources */,
				A7D61A621A97B2D700637EDA /* 10_PotentialBenifits@3x.m4v in Resources */,
				F534B59419E4681E00C3C152 /* Images.xcassets in Resources */,
				A7D61A601A97B2D700637EDA /* 01_Activities_to_SensorData@3x.m4v in Resources */,
				215C53681A8C5D6F0006F7DC /* APHNotesHeaderTableViewCell.xib in Resources */,
				F534B68E19E4689D00C3C152 /* StudyOverview.json in Resources */,
				5A0F98DA1AA2E2A900A2A7EB /* Intro.mp4 in Resources */,
				5BBDAEBB1A33DCDA0047DF87 /* HTMLContent in Resources */,
				A7D61A5D1A97B2D700637EDA /* 12_IssuesToConside2@2x.m4v in Resources */,
				A7D61A5C1A97B2D700637EDA /* 11_IssuesToConsider1@2x.m4v in Resources */,
				A7D61A5B1A97B2D700637EDA /* 10_PotentialBenifits@2x.m4v in Resources */,
				048A053C1B7AE31D005AEACC /* APHTaskIdToViewControllerMapping.json in Resources */,
				087B44C21B1B9C6000568999 /* BCS_feedback.json in Resources */,
				7BB24C321A831DC500AAE097 /* APHCustomSurveyTableViewCell.xib in Resources */,
				F534B68A19E4689D00C3C152 /* APCParameters.json in Resources */,
				A7D61A641A97B2D700637EDA /* 12_IssuesToConside2@3x.m4v in Resources */,
				087B44C41B1B9C6000568999 /* BCSBackgroundSurvey.json in Resources */,
				A7D61A5F1A97B2D700637EDA /* 00_Blank_to_Activities@3x.m4v in Resources */,
				F534B68B19E4689D00C3C152 /* APHTasksAndSchedules.json in Resources */,
				F534B69D19E4689D00C3C152 /* Main.storyboard in Resources */,
				A7D61A5A1A97B2D700637EDA /* 02_SensorData_to_DataGathering@2x.m4v in Resources */,
				5B18CEDA1A2CFFD1001A905E /* TermsAndConditions.json in Resources */,
				744174E61A923861004A7CC1 /* APHConsentSection.json in Resources */,
				CF5FAB4419F95C8F0006CA71 /* APHNotesContentsTableViewCell.xib in Resources */,
				5B15DCF41A114F7000BEA0D1 /* Learn.json in Resources */,
				7BB24C371A831EC900AAE097 /* APHCustomSurveyQuestionViewController.xib in Resources */,
				7B5A5AB61A83FCF700628D4D /* APHCustomSurveyIntroViewController.xib in Resources */,
				A7D61A611A97B2D700637EDA /* 02_SensorData_to_DataGathering@3x.m4v in Resources */,
				A7D61A651A97B2D700637EDA /* 13_RiskToPrivacy@3x.m4v in Resources */,
				CF15F2501A116A5A00D87570 /* APHDailyJournalIntroViewController.xib in Resources */,
				7BFD567A1A24FAF0001210A2 /* APHDisplayLogHistoryViewController.xib in Resources */,
				A7D61A631A97B2D700637EDA /* 11_IssuesToConsider1@3x.m4v in Resources */,
				A7D61A591A97B2D700637EDA /* 01_Activities_to_SensorData@2x.m4v in Resources */,
				7B8D703F1A1C4B13003A7A5B /* APHLogSubmissionViewController.xib in Resources */,
				CF2697EB19EC3E4200525E19 /* APHNotesViewController.xib in Resources */,
				5B1095C01A9FA0B5006631F5 /* consent.pdf in Resources */,
				087B44C31B1B9C6000568999 /* BCS_mythoughts.json in Resources */,
				7B5E25D11A20592400A04FEF /* APHHeartAgeIntroStepViewController.xib in Resources */,
				F534B69C19E4689D00C3C152 /* LaunchScreen.xib in Resources */,
			);
			runOnlyForDeploymentPostprocessing = 0;
		};
/* End PBXResourcesBuildPhase section */

/* Begin PBXSourcesBuildPhase section */
		F534B57F19E4681E00C3C152 /* Sources */ = {
			isa = PBXSourcesBuildPhase;
			buildActionMask = 2147483647;
			files = (
				7B5A5AB51A83FCF700628D4D /* APHCustomSurveyIntroViewController.m in Sources */,
				CF2697E919EC3E4200525E19 /* APHNotesContentsTableViewCell.m in Sources */,
				7B0541F71A842B4900B7729D /* APHDynamicMoodSurveyTask.m in Sources */,
				7BA3AC161A2407D00017B3C8 /* APHExerciseMotivationSummaryViewController.m in Sources */,
				7B5E25CB1A2045BB00A04FEF /* APHMoodSurveyTaskViewController.m in Sources */,
				5B15DD3B1A114F9000BEA0D1 /* APHInclusionCriteriaViewController.m in Sources */,
				083D6AFE1AA4AE430064AADD /* APHSymptomSurveyViewController.m in Sources */,
				7B8B67E11A671DDC0021606D /* APHExerciseSummaryContainerTableViewController.m in Sources */,
				083D6B0D1AA4AEAD0064AADD /* APHWeeklySurveyViewController.m in Sources */,
				F53F27A11A2D30D600A1D725 /* APHScoring.m in Sources */,
				087B44AF1B1B982300568999 /* APHExerciseCheckinTask.m in Sources */,
				7B4B18311A8D720400F79C94 /* APHProfileExtender.m in Sources */,
				CF2697E619EC3E4200525E19 /* APHContentsViewController.m in Sources */,
				083D6AFA1AA4AE130064AADD /* APHBackgroundSurveyViewController.m in Sources */,
				087B44AA1B1B981100568999 /* APHExerciseCheckInTaskViewController.m in Sources */,
				CF15F24F1A116A5A00D87570 /* APHDailyJournalIntroViewController.m in Sources */,
				F534B58919E4681E00C3C152 /* main.m in Sources */,
				CF15F24B1A11616500D87570 /* APHDailyJournalTaskViewController.m in Sources */,
				7BFD56791A24FAF0001210A2 /* APHDisplayLogHistoryViewController.m in Sources */,
				6C8645171AF3F73B00B46C49 /* APHAppDelegate+APHMigration.m in Sources */,
				7B5E25D01A20592400A04FEF /* APHHeartAgeIntroStepViewController.m in Sources */,
				CF2697E819EC3E4200525E19 /* APHMoodLogDictionaryKeys.m in Sources */,
				5B1D9D6E1A1BD414000F4AD6 /* APHDashboardViewController.m in Sources */,
				7BB24C311A831DC500AAE097 /* APHCustomSurveyTableViewCell.m in Sources */,
				5B15DD481A11524900BEA0D1 /* APHAppDelegate.m in Sources */,
				7BB24C361A831EC900AAE097 /* APHCustomSurveyQuestionViewController.m in Sources */,
				CF2697E719EC3E4200525E19 /* APHCustomTextView.m in Sources */,
				F53F27A01A2D30D600A1D725 /* APHDataPoint.m in Sources */,
				7B8D703E1A1C4B13003A7A5B /* APHLogSubmissionViewController.m in Sources */,
				215C53671A8C5D6F0006F7DC /* APHNotesHeaderTableViewCell.m in Sources */,
				CF2697EA19EC3E4200525E19 /* APHNotesViewController.m in Sources */,
				7B7953141A2288D600AA8039 /* APHQuestionViewController.m in Sources */,
				7BA3AC101A23DDBC0017B3C8 /* APHExerciseMotivationIntroViewController.m in Sources */,
				7B79530E1A22884500AA8039 /* APHExerciseSurveyTaskViewController.m in Sources */,
				5B1D9D6D1A1BD414000F4AD6 /* APHDashboardEditViewController.m in Sources */,
			);
			runOnlyForDeploymentPostprocessing = 0;
		};
/* End PBXSourcesBuildPhase section */

/* Begin PBXTargetDependency section */
		747FB1411ABDDE2B00345000 /* PBXTargetDependency */ = {
			isa = PBXTargetDependency;
			name = APCAppCore;
			targetProxy = 747FB1401ABDDE2B00345000 /* PBXContainerItemProxy */;
		};
		747FB1431ABDDE3000345000 /* PBXTargetDependency */ = {
			isa = PBXTargetDependency;
			name = OpenResearchKit;
			targetProxy = 747FB1421ABDDE3000345000 /* PBXContainerItemProxy */;
		};
		747FB15D1ABDF02100345000 /* PBXTargetDependency */ = {
			isa = PBXTargetDependency;
			name = APCAppCore;
			targetProxy = 747FB15C1ABDF02100345000 /* PBXContainerItemProxy */;
		};
		74EF8E0E1ABEFE7B001B47E1 /* PBXTargetDependency */ = {
			isa = PBXTargetDependency;
			name = OpenResearchKit;
			targetProxy = 74EF8E0D1ABEFE7B001B47E1 /* PBXContainerItemProxy */;
		};
		74EF8E1A1ABEFEBB001B47E1 /* PBXTargetDependency */ = {
			isa = PBXTargetDependency;
			name = BridgeSDK;
			targetProxy = 74EF8E191ABEFEBB001B47E1 /* PBXContainerItemProxy */;
		};
/* End PBXTargetDependency section */

/* Begin XCBuildConfiguration section */
		F534B5A419E4681E00C3C152 /* Debug */ = {
			isa = XCBuildConfiguration;
			buildSettings = {
				ALWAYS_SEARCH_USER_PATHS = NO;
				CLANG_CXX_LANGUAGE_STANDARD = "gnu++0x";
				CLANG_CXX_LIBRARY = "libc++";
				CLANG_ENABLE_MODULES = YES;
				CLANG_ENABLE_OBJC_ARC = YES;
				CLANG_WARN_BOOL_CONVERSION = YES;
				CLANG_WARN_CONSTANT_CONVERSION = YES;
				CLANG_WARN_DIRECT_OBJC_ISA_USAGE = YES_ERROR;
				CLANG_WARN_EMPTY_BODY = YES;
				CLANG_WARN_ENUM_CONVERSION = YES;
				CLANG_WARN_INT_CONVERSION = YES;
				CLANG_WARN_OBJC_ROOT_CLASS = YES_ERROR;
				CLANG_WARN_UNREACHABLE_CODE = YES;
				CLANG_WARN__DUPLICATE_METHOD_MATCH = YES;
				"CODE_SIGN_IDENTITY[sdk=iphoneos*]" = "iPhone Developer";
				COPY_PHASE_STRIP = NO;
				ENABLE_STRICT_OBJC_MSGSEND = YES;
				GCC_C_LANGUAGE_STANDARD = gnu99;
				GCC_DYNAMIC_NO_PIC = NO;
				GCC_OPTIMIZATION_LEVEL = 0;
				GCC_PREPROCESSOR_DEFINITIONS = (
					"DEBUG=1",
					"$(inherited)",
				);
				GCC_SYMBOLS_PRIVATE_EXTERN = NO;
				GCC_WARN_64_TO_32_BIT_CONVERSION = YES;
				GCC_WARN_ABOUT_RETURN_TYPE = YES_ERROR;
				GCC_WARN_UNDECLARED_SELECTOR = YES;
				GCC_WARN_UNINITIALIZED_AUTOS = YES_AGGRESSIVE;
				GCC_WARN_UNUSED_FUNCTION = YES;
				GCC_WARN_UNUSED_VARIABLE = YES;
				IPHONEOS_DEPLOYMENT_TARGET = 8.0;
				MTL_ENABLE_DEBUG_INFO = YES;
				ONLY_ACTIVE_ARCH = YES;
				OTHER_CFLAGS = (
					"-Wall",
					"-Wextra",
				);
				SDKROOT = iphoneos;
			};
			name = Debug;
		};
		F534B5A519E4681E00C3C152 /* Release */ = {
			isa = XCBuildConfiguration;
			buildSettings = {
				ALWAYS_SEARCH_USER_PATHS = NO;
				CLANG_CXX_LANGUAGE_STANDARD = "gnu++0x";
				CLANG_CXX_LIBRARY = "libc++";
				CLANG_ENABLE_MODULES = YES;
				CLANG_ENABLE_OBJC_ARC = YES;
				CLANG_WARN_BOOL_CONVERSION = YES;
				CLANG_WARN_CONSTANT_CONVERSION = YES;
				CLANG_WARN_DIRECT_OBJC_ISA_USAGE = YES_ERROR;
				CLANG_WARN_EMPTY_BODY = YES;
				CLANG_WARN_ENUM_CONVERSION = YES;
				CLANG_WARN_INT_CONVERSION = YES;
				CLANG_WARN_OBJC_ROOT_CLASS = YES_ERROR;
				CLANG_WARN_UNREACHABLE_CODE = YES;
				CLANG_WARN__DUPLICATE_METHOD_MATCH = YES;
				"CODE_SIGN_IDENTITY[sdk=iphoneos*]" = "iPhone Developer";
				COPY_PHASE_STRIP = YES;
				ENABLE_NS_ASSERTIONS = NO;
				ENABLE_STRICT_OBJC_MSGSEND = YES;
				GCC_C_LANGUAGE_STANDARD = gnu99;
				GCC_WARN_64_TO_32_BIT_CONVERSION = YES;
				GCC_WARN_ABOUT_RETURN_TYPE = YES_ERROR;
				GCC_WARN_UNDECLARED_SELECTOR = YES;
				GCC_WARN_UNINITIALIZED_AUTOS = YES_AGGRESSIVE;
				GCC_WARN_UNUSED_FUNCTION = YES;
				GCC_WARN_UNUSED_VARIABLE = YES;
				IPHONEOS_DEPLOYMENT_TARGET = 8.0;
				MTL_ENABLE_DEBUG_INFO = NO;
				OTHER_CFLAGS = (
					"-Wall",
					"-Wextra",
				);
				SDKROOT = iphoneos;
				VALIDATE_PRODUCT = YES;
			};
			name = Release;
		};
		F534B5A719E4681E00C3C152 /* Debug */ = {
			isa = XCBuildConfiguration;
			buildSettings = {
				ASSETCATALOG_COMPILER_APPICON_NAME = AppIcon;
				ASSETCATALOG_COMPILER_LAUNCHIMAGE_NAME = LaunchImage;
				CLANG_ALLOW_NON_MODULAR_INCLUDES_IN_FRAMEWORK_MODULES = YES;
				CODE_SIGN_ENTITLEMENTS = BreastCancer/BreastCancer.entitlements;
				CODE_SIGN_IDENTITY = "iPhone Developer";
				"CODE_SIGN_IDENTITY[sdk=iphoneos*]" = "iPhone Developer";
				FRAMEWORK_SEARCH_PATHS = (
					"$(inherited)",
					"$(PROJECT_DIR)/AppCore/APCAppCore/**",
				);
				INFOPLIST_FILE = BreastCancer/Info.plist;
				LD_RUNPATH_SEARCH_PATHS = "$(inherited) @executable_path/Frameworks";
				PRODUCT_NAME = "$(TARGET_NAME)";
				PROVISIONING_PROFILE = "";
			};
			name = Debug;
		};
		F534B5A819E4681E00C3C152 /* Release */ = {
			isa = XCBuildConfiguration;
			buildSettings = {
				ASSETCATALOG_COMPILER_APPICON_NAME = AppIcon;
				ASSETCATALOG_COMPILER_LAUNCHIMAGE_NAME = LaunchImage;
				CLANG_ALLOW_NON_MODULAR_INCLUDES_IN_FRAMEWORK_MODULES = YES;
				CODE_SIGN_ENTITLEMENTS = BreastCancer/BreastCancer.entitlements;
				CODE_SIGN_IDENTITY = "iPhone Developer";
				"CODE_SIGN_IDENTITY[sdk=iphoneos*]" = "iPhone Developer";
				FRAMEWORK_SEARCH_PATHS = (
					"$(inherited)",
					"$(PROJECT_DIR)/AppCore/APCAppCore/**",
				);
				INFOPLIST_FILE = BreastCancer/Info.plist;
				LD_RUNPATH_SEARCH_PATHS = "$(inherited) @executable_path/Frameworks";
				PRODUCT_NAME = "$(TARGET_NAME)";
				PROVISIONING_PROFILE = "";
			};
			name = Release;
		};
		F58767FB19E4A57400254897 /* Development */ = {
			isa = XCBuildConfiguration;
			buildSettings = {
				ALWAYS_SEARCH_USER_PATHS = NO;
				CLANG_CXX_LANGUAGE_STANDARD = "gnu++0x";
				CLANG_CXX_LIBRARY = "libc++";
				CLANG_ENABLE_MODULES = YES;
				CLANG_ENABLE_OBJC_ARC = YES;
				CLANG_WARN_BOOL_CONVERSION = YES;
				CLANG_WARN_CONSTANT_CONVERSION = YES;
				CLANG_WARN_DIRECT_OBJC_ISA_USAGE = YES_ERROR;
				CLANG_WARN_EMPTY_BODY = YES;
				CLANG_WARN_ENUM_CONVERSION = YES;
				CLANG_WARN_INT_CONVERSION = YES;
				CLANG_WARN_OBJC_ROOT_CLASS = YES_ERROR;
				CLANG_WARN_UNREACHABLE_CODE = YES;
				CLANG_WARN__DUPLICATE_METHOD_MATCH = YES;
				"CODE_SIGN_IDENTITY[sdk=iphoneos*]" = "iPhone Developer";
				COPY_PHASE_STRIP = NO;
				ENABLE_STRICT_OBJC_MSGSEND = YES;
				GCC_C_LANGUAGE_STANDARD = gnu99;
				GCC_DYNAMIC_NO_PIC = NO;
				GCC_OPTIMIZATION_LEVEL = 0;
				GCC_PREPROCESSOR_DEFINITIONS = (
					"DEBUG=1",
					"$(inherited)",
				);
				GCC_SYMBOLS_PRIVATE_EXTERN = NO;
				GCC_WARN_64_TO_32_BIT_CONVERSION = YES;
				GCC_WARN_ABOUT_RETURN_TYPE = YES_ERROR;
				GCC_WARN_UNDECLARED_SELECTOR = YES;
				GCC_WARN_UNINITIALIZED_AUTOS = YES_AGGRESSIVE;
				GCC_WARN_UNUSED_FUNCTION = YES;
				GCC_WARN_UNUSED_VARIABLE = YES;
				IPHONEOS_DEPLOYMENT_TARGET = 8.0;
				MTL_ENABLE_DEBUG_INFO = YES;
				ONLY_ACTIVE_ARCH = YES;
				OTHER_CFLAGS = (
					"-Wall",
					"-Wextra",
				);
				SDKROOT = iphoneos;
			};
			name = Development;
		};
		F58767FC19E4A57400254897 /* Development */ = {
			isa = XCBuildConfiguration;
			buildSettings = {
				ASSETCATALOG_COMPILER_APPICON_NAME = AppIcon;
				ASSETCATALOG_COMPILER_LAUNCHIMAGE_NAME = LaunchImage;
				CLANG_ALLOW_NON_MODULAR_INCLUDES_IN_FRAMEWORK_MODULES = YES;
				CODE_SIGN_ENTITLEMENTS = BreastCancer/BreastCancer.entitlements;
				CODE_SIGN_IDENTITY = "iPhone Developer";
				"CODE_SIGN_IDENTITY[sdk=iphoneos*]" = "iPhone Developer";
				FRAMEWORK_SEARCH_PATHS = (
					"$(inherited)",
					"$(PROJECT_DIR)/AppCore/APCAppCore/**",
				);
				GCC_PREPROCESSOR_DEFINITIONS = (
					"$(inherited)",
					"DEVELOPMENT=1",
				);
				INFOPLIST_FILE = BreastCancer/Info.plist;
				LD_RUNPATH_SEARCH_PATHS = "$(inherited) @executable_path/Frameworks";
				PRODUCT_NAME = "$(TARGET_NAME)";
				PROVISIONING_PROFILE = "";
			};
			name = Development;
		};
/* End XCBuildConfiguration section */

/* Begin XCConfigurationList section */
		F534B57E19E4681E00C3C152 /* Build configuration list for PBXProject "BreastCancer" */ = {
			isa = XCConfigurationList;
			buildConfigurations = (
				F534B5A419E4681E00C3C152 /* Debug */,
				F58767FB19E4A57400254897 /* Development */,
				F534B5A519E4681E00C3C152 /* Release */,
			);
			defaultConfigurationIsVisible = 0;
			defaultConfigurationName = Release;
		};
		F534B5A619E4681E00C3C152 /* Build configuration list for PBXNativeTarget "BreastCancer" */ = {
			isa = XCConfigurationList;
			buildConfigurations = (
				F534B5A719E4681E00C3C152 /* Debug */,
				F58767FC19E4A57400254897 /* Development */,
				F534B5A819E4681E00C3C152 /* Release */,
			);
			defaultConfigurationIsVisible = 0;
			defaultConfigurationName = Release;
		};
/* End XCConfigurationList section */
	};
	rootObject = F534B57B19E4681E00C3C152 /* Project object */;
}
